
Microsoft Visual Studio Solution File, Format Version 12.00
# Visual Studio 15
Project("{FAE04EC0-301F-11D3-BF4B-00C04F79EFBC}") = "Assembly-CSharp-firstpass", "Assembly-CSharp-firstpass.csproj", "{5F379CF9-759D-2678-BEAD-BB37A383BC36}"
EndProject
Project("{FAE04EC0-301F-11D3-BF4B-00C04F79EFBC}") = "Assembly-CSharp", "Assembly-CSharp.csproj", "{2284DFF3-2A6F-E421-B811-EC5CB6492E9F}"
EndProject
Project("{FAE04EC0-301F-11D3-BF4B-00C04F79EFBC}") = "PlayFab", "PlayFab.csproj", "{5C937880-ACA5-979A-E708-79A61B400A2C}"
EndProject
Project("{FAE04EC0-301F-11D3-BF4B-00C04F79EFBC}") = "PhotonUnityNetworking.Demos", "PhotonUnityNetworking.Demos.csproj", "{95E064A6-846A-272F-FA1A-633806B7D9D7}"
EndProject
Project("{FAE04EC0-301F-11D3-BF4B-00C04F79EFBC}") = "PhotonRealtime", "PhotonRealtime.csproj", "{9A071F03-41C6-371E-227B-3FFFB1FCECFC}"
EndProject
Project("{FAE04EC0-301F-11D3-BF4B-00C04F79EFBC}") = "PhotonUnityNetworking", "PhotonUnityNetworking.csproj", "{E241D3E6-BF5D-0F3C-91EA-D9E5E4C1B8CF}"
EndProject
Project("{FAE04EC0-301F-11D3-BF4B-00C04F79EFBC}") = "PhotonUnityNetworking.Utilities", "PhotonUnityNetworking.Utilities.csproj", "{BB3A8026-FB48-DE5A-B84F-7F16F891ECB0}"
EndProject
Project("{FAE04EC0-301F-11D3-BF4B-00C04F79EFBC}") = "PhotonChat", "PhotonChat.csproj", "{D6081DBB-FEB2-687C-2A3B-F6C5B152EC83}"
EndProject
Project("{FAE04EC0-301F-11D3-BF4B-00C04F79EFBC}") = "PhotonUnityNetworking.Editor", "PhotonUnityNetworking.Editor.csproj", "{0C606EBC-6E85-2127-5DF1-D0087A972359}"
EndProject
Project("{FAE04EC0-301F-11D3-BF4B-00C04F79EFBC}") = "Assembly-CSharp-Editor", "Assembly-CSharp-Editor.csproj", "{4EA87A61-ADB2-5BFE-DC1E-354429999B79}"
EndProject
Project("{FAE04EC0-301F-11D3-BF4B-00C04F79EFBC}") = "PlayFabEditorExtensions", "PlayFabEditorExtensions.csproj", "{998BCCA7-EA40-A72B-90AC-00101C514068}"
EndProject
Project("{FAE04EC0-301F-11D3-BF4B-00C04F79EFBC}") = "PhotonUnityNetworking.Utilities.PhotonPlayer.Editor", "PhotonUnityNetworking.Utilities.PhotonPlayer.Editor.csproj", "{5A065B25-76DB-B248-E697-B17A5D268D30}"
EndProject
Project("{FAE04EC0-301F-11D3-BF4B-00C04F79EFBC}") = "PunDemos.DemoSlotcarEditor", "PunDemos.DemoSlotcarEditor.csproj", "{8CBD0EB7-EA7B-1D8E-10C2-1768C8AB6806}"
EndProject
Project("{FAE04EC0-301F-11D3-BF4B-00C04F79EFBC}") = "PhotonUnityNetworking.Utilities.Culling.Editor", "PhotonUnityNetworking.Utilities.Culling.Editor.csproj", "{000C6C03-7BAE-5F64-7730-0B22F2569008}"
EndProject
Project("{FAE04EC0-301F-11D3-BF4B-00C04F79EFBC}") = "PunDemos.DemoHubEditor", "PunDemos.DemoHubEditor.csproj", "{F2BAED0C-EAEA-D15A-4DC1-1BE61E8D196C}"
EndProject
Project("{FAE04EC0-301F-11D3-BF4B-00C04F79EFBC}") = "PlayFabSDKEditor", "PlayFabSDKEditor.csproj", "{A8B9221E-66BA-422D-E208-D79AFD50B95F}"
EndProject
Global
	GlobalSection(SolutionConfigurationPlatforms) = preSolution
		Debug|Any CPU = Debug|Any CPU
		Release|Any CPU = Release|Any CPU
	EndGlobalSection
	GlobalSection(ProjectConfigurationPlatforms) = postSolution
		{5F379CF9-759D-2678-BEAD-BB37A383BC36}.Debug|Any CPU.ActiveCfg = Debug|Any CPU
		{5F379CF9-759D-2678-BEAD-BB37A383BC36}.Debug|Any CPU.Build.0 = Debug|Any CPU
		{5F379CF9-759D-2678-BEAD-BB37A383BC36}.Release|Any CPU.ActiveCfg = Release|Any CPU
		{5F379CF9-759D-2678-BEAD-BB37A383BC36}.Release|Any CPU.Build.0 = Release|Any CPU
		{2284DFF3-2A6F-E421-B811-EC5CB6492E9F}.Debug|Any CPU.ActiveCfg = Debug|Any CPU
		{2284DFF3-2A6F-E421-B811-EC5CB6492E9F}.Debug|Any CPU.Build.0 = Debug|Any CPU
		{2284DFF3-2A6F-E421-B811-EC5CB6492E9F}.Release|Any CPU.ActiveCfg = Release|Any CPU
		{2284DFF3-2A6F-E421-B811-EC5CB6492E9F}.Release|Any CPU.Build.0 = Release|Any CPU
		{5C937880-ACA5-979A-E708-79A61B400A2C}.Debug|Any CPU.ActiveCfg = Debug|Any CPU
		{5C937880-ACA5-979A-E708-79A61B400A2C}.Debug|Any CPU.Build.0 = Debug|Any CPU
		{5C937880-ACA5-979A-E708-79A61B400A2C}.Release|Any CPU.ActiveCfg = Release|Any CPU
		{5C937880-ACA5-979A-E708-79A61B400A2C}.Release|Any CPU.Build.0 = Release|Any CPU
		{95E064A6-846A-272F-FA1A-633806B7D9D7}.Debug|Any CPU.ActiveCfg = Debug|Any CPU
		{95E064A6-846A-272F-FA1A-633806B7D9D7}.Debug|Any CPU.Build.0 = Debug|Any CPU
		{95E064A6-846A-272F-FA1A-633806B7D9D7}.Release|Any CPU.ActiveCfg = Release|Any CPU
		{95E064A6-846A-272F-FA1A-633806B7D9D7}.Release|Any CPU.Build.0 = Release|Any CPU
		{9A071F03-41C6-371E-227B-3FFFB1FCECFC}.Debug|Any CPU.ActiveCfg = Debug|Any CPU
		{9A071F03-41C6-371E-227B-3FFFB1FCECFC}.Debug|Any CPU.Build.0 = Debug|Any CPU
		{9A071F03-41C6-371E-227B-3FFFB1FCECFC}.Release|Any CPU.ActiveCfg = Release|Any CPU
		{9A071F03-41C6-371E-227B-3FFFB1FCECFC}.Release|Any CPU.Build.0 = Release|Any CPU
		{E241D3E6-BF5D-0F3C-91EA-D9E5E4C1B8CF}.Debug|Any CPU.ActiveCfg = Debug|Any CPU
		{E241D3E6-BF5D-0F3C-91EA-D9E5E4C1B8CF}.Debug|Any CPU.Build.0 = Debug|Any CPU
		{E241D3E6-BF5D-0F3C-91EA-D9E5E4C1B8CF}.Release|Any CPU.ActiveCfg = Release|Any CPU
		{E241D3E6-BF5D-0F3C-91EA-D9E5E4C1B8CF}.Release|Any CPU.Build.0 = Release|Any CPU
		{BB3A8026-FB48-DE5A-B84F-7F16F891ECB0}.Debug|Any CPU.ActiveCfg = Debug|Any CPU
		{BB3A8026-FB48-DE5A-B84F-7F16F891ECB0}.Debug|Any CPU.Build.0 = Debug|Any CPU
		{BB3A8026-FB48-DE5A-B84F-7F16F891ECB0}.Release|Any CPU.ActiveCfg = Release|Any CPU
		{BB3A8026-FB48-DE5A-B84F-7F16F891ECB0}.Release|Any CPU.Build.0 = Release|Any CPU
		{D6081DBB-FEB2-687C-2A3B-F6C5B152EC83}.Debug|Any CPU.ActiveCfg = Debug|Any CPU
		{D6081DBB-FEB2-687C-2A3B-F6C5B152EC83}.Debug|Any CPU.Build.0 = Debug|Any CPU
		{D6081DBB-FEB2-687C-2A3B-F6C5B152EC83}.Release|Any CPU.ActiveCfg = Release|Any CPU
		{D6081DBB-FEB2-687C-2A3B-F6C5B152EC83}.Release|Any CPU.Build.0 = Release|Any CPU
		{0C606EBC-6E85-2127-5DF1-D0087A972359}.Debug|Any CPU.ActiveCfg = Debug|Any CPU
		{0C606EBC-6E85-2127-5DF1-D0087A972359}.Debug|Any CPU.Build.0 = Debug|Any CPU
		{0C606EBC-6E85-2127-5DF1-D0087A972359}.Release|Any CPU.ActiveCfg = Release|Any CPU
		{0C606EBC-6E85-2127-5DF1-D0087A972359}.Release|Any CPU.Build.0 = Release|Any CPU
		{4EA87A61-ADB2-5BFE-DC1E-354429999B79}.Debug|Any CPU.ActiveCfg = Debug|Any CPU
		{4EA87A61-ADB2-5BFE-DC1E-354429999B79}.Debug|Any CPU.Build.0 = Debug|Any CPU
		{4EA87A61-ADB2-5BFE-DC1E-354429999B79}.Release|Any CPU.ActiveCfg = Release|Any CPU
		{4EA87A61-ADB2-5BFE-DC1E-354429999B79}.Release|Any CPU.Build.0 = Release|Any CPU
		{998BCCA7-EA40-A72B-90AC-00101C514068}.Debug|Any CPU.ActiveCfg = Debug|Any CPU
		{998BCCA7-EA40-A72B-90AC-00101C514068}.Debug|Any CPU.Build.0 = Debug|Any CPU
		{998BCCA7-EA40-A72B-90AC-00101C514068}.Release|Any CPU.ActiveCfg = Release|Any CPU
		{998BCCA7-EA40-A72B-90AC-00101C514068}.Release|Any CPU.Build.0 = Release|Any CPU
		{5A065B25-76DB-B248-E697-B17A5D268D30}.Debug|Any CPU.ActiveCfg = Debug|Any CPU
		{5A065B25-76DB-B248-E697-B17A5D268D30}.Debug|Any CPU.Build.0 = Debug|Any CPU
		{5A065B25-76DB-B248-E697-B17A5D268D30}.Release|Any CPU.ActiveCfg = Release|Any CPU
		{5A065B25-76DB-B248-E697-B17A5D268D30}.Release|Any CPU.Build.0 = Release|Any CPU
		{8CBD0EB7-EA7B-1D8E-10C2-1768C8AB6806}.Debug|Any CPU.ActiveCfg = Debug|Any CPU
		{8CBD0EB7-EA7B-1D8E-10C2-1768C8AB6806}.Debug|Any CPU.Build.0 = Debug|Any CPU
		{8CBD0EB7-EA7B-1D8E-10C2-1768C8AB6806}.Release|Any CPU.ActiveCfg = Release|Any CPU
		{8CBD0EB7-EA7B-1D8E-10C2-1768C8AB6806}.Release|Any CPU.Build.0 = Release|Any CPU
		{000C6C03-7BAE-5F64-7730-0B22F2569008}.Debug|Any CPU.ActiveCfg = Debug|Any CPU
		{000C6C03-7BAE-5F64-7730-0B22F2569008}.Debug|Any CPU.Build.0 = Debug|Any CPU
		{000C6C03-7BAE-5F64-7730-0B22F2569008}.Release|Any CPU.ActiveCfg = Release|Any CPU
		{000C6C03-7BAE-5F64-7730-0B22F2569008}.Release|Any CPU.Build.0 = Release|Any CPU
		{F2BAED0C-EAEA-D15A-4DC1-1BE61E8D196C}.Debug|Any CPU.ActiveCfg = Debug|Any CPU
		{F2BAED0C-EAEA-D15A-4DC1-1BE61E8D196C}.Debug|Any CPU.Build.0 = Debug|Any CPU
		{F2BAED0C-EAEA-D15A-4DC1-1BE61E8D196C}.Release|Any CPU.ActiveCfg = Release|Any CPU
		{F2BAED0C-EAEA-D15A-4DC1-1BE61E8D196C}.Release|Any CPU.Build.0 = Release|Any CPU
		{A8B9221E-66BA-422D-E208-D79AFD50B95F}.Debug|Any CPU.ActiveCfg = Debug|Any CPU
		{A8B9221E-66BA-422D-E208-D79AFD50B95F}.Debug|Any CPU.Build.0 = Debug|Any CPU
		{A8B9221E-66BA-422D-E208-D79AFD50B95F}.Release|Any CPU.ActiveCfg = Release|Any CPU
		{A8B9221E-66BA-422D-E208-D79AFD50B95F}.Release|Any CPU.Build.0 = Release|Any CPU
	EndGlobalSection
	GlobalSection(SolutionProperties) = preSolution
		HideSolutionNode = FALSE
	EndGlobalSection
EndGlobal
