
Microsoft Visual Studio Solution File, Format Version 12.00
# Visual Studio 15
Project("{FAE04EC0-301F-11D3-BF4B-00C04F79EFBC}") = "Assembly-CSharp-firstpass", "Assembly-CSharp-firstpass.csproj", "{DFC5972C-F32F-9FF2-DF72-BF513BFCC5A3}"
EndProject
Project("{FAE04EC0-301F-11D3-BF4B-00C04F79EFBC}") = "Assembly-CSharp", "Assembly-CSharp.csproj", "{E09D607E-C062-D88E-086D-9F7AD2CF3C93}"
EndProject
Project("{FAE04EC0-301F-11D3-BF4B-00C04F79EFBC}") = "PlayFab", "PlayFab.csproj", "{97C3BA08-A550-A838-C169-112730FFB782}"
EndProject
Project("{FAE04EC0-301F-11D3-BF4B-00C04F79EFBC}") = "PhotonUnityNetworking.Demos", "PhotonUnityNetworking.Demos.csproj", "{19E06291-2E73-ECA7-B204-73F063CF4BB8}"
EndProject
Project("{FAE04EC0-301F-11D3-BF4B-00C04F79EFBC}") = "PhotonRealtime", "PhotonRealtime.csproj", "{B75D7D99-30D9-0351-D71F-770BAFE4DE55}"
EndProject
Project("{FAE04EC0-301F-11D3-BF4B-00C04F79EFBC}") = "PhotonUnityNetworking", "PhotonUnityNetworking.csproj", "{30244EBE-4BF4-63C6-56CC-7D94BA360264}"
EndProject
Project("{FAE04EC0-301F-11D3-BF4B-00C04F79EFBC}") = "PhotonUnityNetworking.Utilities", "PhotonUnityNetworking.Utilities.csproj", "{4EEB2164-96EE-3392-28CC-83936345A8D4}"
EndProject
Project("{FAE04EC0-301F-11D3-BF4B-00C04F79EFBC}") = "PhotonChat", "PhotonChat.csproj", "{ED1127D4-1A6A-9DA0-F039-EE48A7AAEBE8}"
EndProject
Project("{FAE04EC0-301F-11D3-BF4B-00C04F79EFBC}") = "PhotonUnityNetworking.Editor", "PhotonUnityNetworking.Editor.csproj", "{E1B16346-641B-92AD-9324-6923A3B9C581}"
EndProject
Project("{FAE04EC0-301F-11D3-BF4B-00C04F79EFBC}") = "PlayFabEditorExtensions", "PlayFabEditorExtensions.csproj", "{842C1ADE-7145-B4FA-0342-EB1AFEC66AAD}"
EndProject
Project("{FAE04EC0-301F-11D3-BF4B-00C04F79EFBC}") = "PhotonUnityNetworking.Utilities.PhotonPlayer.Editor", "PhotonUnityNetworking.Utilities.PhotonPlayer.Editor.csproj", "{38F75ADB-1331-60EE-184E-A25782B3069E}"
EndProject
Project("{FAE04EC0-301F-11D3-BF4B-00C04F79EFBC}") = "Assembly-CSharp-Editor", "Assembly-CSharp-Editor.csproj", "{BACB3050-9FE4-2E0F-959D-455D9E554345}"
EndProject
Project("{FAE04EC0-301F-11D3-BF4B-00C04F79EFBC}") = "PunDemos.DemoSlotcarEditor", "PunDemos.DemoSlotcarEditor.csproj", "{A2E46A19-1949-A533-E763-F5C9F3CAD25B}"
EndProject
Project("{FAE04EC0-301F-11D3-BF4B-00C04F79EFBC}") = "PhotonUnityNetworking.Utilities.Culling.Editor", "PhotonUnityNetworking.Utilities.Culling.Editor.csproj", "{67B86D65-F4E5-B4D0-0A5B-9DD05884824B}"
EndProject
Project("{FAE04EC0-301F-11D3-BF4B-00C04F79EFBC}") = "PunDemos.DemoHubEditor", "PunDemos.DemoHubEditor.csproj", "{92493D73-8B72-1934-1E0F-E664C7ACECC6}"
EndProject
Project("{FAE04EC0-301F-11D3-BF4B-00C04F79EFBC}") = "PlayFabSDKEditor", "PlayFabSDKEditor.csproj", "{94D58B39-29FB-F838-34D8-EC9C840D4F8A}"
EndProject
Global
	GlobalSection(SolutionConfigurationPlatforms) = preSolution
		Debug|Any CPU = Debug|Any CPU
		Release|Any CPU = Release|Any CPU
	EndGlobalSection
	GlobalSection(ProjectConfigurationPlatforms) = postSolution
		{DFC5972C-F32F-9FF2-DF72-BF513BFCC5A3}.Debug|Any CPU.ActiveCfg = Debug|Any CPU
		{DFC5972C-F32F-9FF2-DF72-BF513BFCC5A3}.Debug|Any CPU.Build.0 = Debug|Any CPU
		{DFC5972C-F32F-9FF2-DF72-BF513BFCC5A3}.Release|Any CPU.ActiveCfg = Release|Any CPU
		{DFC5972C-F32F-9FF2-DF72-BF513BFCC5A3}.Release|Any CPU.Build.0 = Release|Any CPU
		{E09D607E-C062-D88E-086D-9F7AD2CF3C93}.Debug|Any CPU.ActiveCfg = Debug|Any CPU
		{E09D607E-C062-D88E-086D-9F7AD2CF3C93}.Debug|Any CPU.Build.0 = Debug|Any CPU
		{E09D607E-C062-D88E-086D-9F7AD2CF3C93}.Release|Any CPU.ActiveCfg = Release|Any CPU
		{E09D607E-C062-D88E-086D-9F7AD2CF3C93}.Release|Any CPU.Build.0 = Release|Any CPU
		{97C3BA08-A550-A838-C169-112730FFB782}.Debug|Any CPU.ActiveCfg = Debug|Any CPU
		{97C3BA08-A550-A838-C169-112730FFB782}.Debug|Any CPU.Build.0 = Debug|Any CPU
		{97C3BA08-A550-A838-C169-112730FFB782}.Release|Any CPU.ActiveCfg = Release|Any CPU
		{97C3BA08-A550-A838-C169-112730FFB782}.Release|Any CPU.Build.0 = Release|Any CPU
		{19E06291-2E73-ECA7-B204-73F063CF4BB8}.Debug|Any CPU.ActiveCfg = Debug|Any CPU
		{19E06291-2E73-ECA7-B204-73F063CF4BB8}.Debug|Any CPU.Build.0 = Debug|Any CPU
		{19E06291-2E73-ECA7-B204-73F063CF4BB8}.Release|Any CPU.ActiveCfg = Release|Any CPU
		{19E06291-2E73-ECA7-B204-73F063CF4BB8}.Release|Any CPU.Build.0 = Release|Any CPU
		{B75D7D99-30D9-0351-D71F-770BAFE4DE55}.Debug|Any CPU.ActiveCfg = Debug|Any CPU
		{B75D7D99-30D9-0351-D71F-770BAFE4DE55}.Debug|Any CPU.Build.0 = Debug|Any CPU
		{B75D7D99-30D9-0351-D71F-770BAFE4DE55}.Release|Any CPU.ActiveCfg = Release|Any CPU
		{B75D7D99-30D9-0351-D71F-770BAFE4DE55}.Release|Any CPU.Build.0 = Release|Any CPU
		{30244EBE-4BF4-63C6-56CC-7D94BA360264}.Debug|Any CPU.ActiveCfg = Debug|Any CPU
		{30244EBE-4BF4-63C6-56CC-7D94BA360264}.Debug|Any CPU.Build.0 = Debug|Any CPU
		{30244EBE-4BF4-63C6-56CC-7D94BA360264}.Release|Any CPU.ActiveCfg = Release|Any CPU
		{30244EBE-4BF4-63C6-56CC-7D94BA360264}.Release|Any CPU.Build.0 = Release|Any CPU
		{4EEB2164-96EE-3392-28CC-83936345A8D4}.Debug|Any CPU.ActiveCfg = Debug|Any CPU
		{4EEB2164-96EE-3392-28CC-83936345A8D4}.Debug|Any CPU.Build.0 = Debug|Any CPU
		{4EEB2164-96EE-3392-28CC-83936345A8D4}.Release|Any CPU.ActiveCfg = Release|Any CPU
		{4EEB2164-96EE-3392-28CC-83936345A8D4}.Release|Any CPU.Build.0 = Release|Any CPU
		{ED1127D4-1A6A-9DA0-F039-EE48A7AAEBE8}.Debug|Any CPU.ActiveCfg = Debug|Any CPU
		{ED1127D4-1A6A-9DA0-F039-EE48A7AAEBE8}.Debug|Any CPU.Build.0 = Debug|Any CPU
		{ED1127D4-1A6A-9DA0-F039-EE48A7AAEBE8}.Release|Any CPU.ActiveCfg = Release|Any CPU
		{ED1127D4-1A6A-9DA0-F039-EE48A7AAEBE8}.Release|Any CPU.Build.0 = Release|Any CPU
		{E1B16346-641B-92AD-9324-6923A3B9C581}.Debug|Any CPU.ActiveCfg = Debug|Any CPU
		{E1B16346-641B-92AD-9324-6923A3B9C581}.Debug|Any CPU.Build.0 = Debug|Any CPU
		{E1B16346-641B-92AD-9324-6923A3B9C581}.Release|Any CPU.ActiveCfg = Release|Any CPU
		{E1B16346-641B-92AD-9324-6923A3B9C581}.Release|Any CPU.Build.0 = Release|Any CPU
		{842C1ADE-7145-B4FA-0342-EB1AFEC66AAD}.Debug|Any CPU.ActiveCfg = Debug|Any CPU
		{842C1ADE-7145-B4FA-0342-EB1AFEC66AAD}.Debug|Any CPU.Build.0 = Debug|Any CPU
		{842C1ADE-7145-B4FA-0342-EB1AFEC66AAD}.Release|Any CPU.ActiveCfg = Release|Any CPU
		{842C1ADE-7145-B4FA-0342-EB1AFEC66AAD}.Release|Any CPU.Build.0 = Release|Any CPU
		{38F75ADB-1331-60EE-184E-A25782B3069E}.Debug|Any CPU.ActiveCfg = Debug|Any CPU
		{38F75ADB-1331-60EE-184E-A25782B3069E}.Debug|Any CPU.Build.0 = Debug|Any CPU
		{38F75ADB-1331-60EE-184E-A25782B3069E}.Release|Any CPU.ActiveCfg = Release|Any CPU
		{38F75ADB-1331-60EE-184E-A25782B3069E}.Release|Any CPU.Build.0 = Release|Any CPU
		{BACB3050-9FE4-2E0F-959D-455D9E554345}.Debug|Any CPU.ActiveCfg = Debug|Any CPU
		{BACB3050-9FE4-2E0F-959D-455D9E554345}.Debug|Any CPU.Build.0 = Debug|Any CPU
		{BACB3050-9FE4-2E0F-959D-455D9E554345}.Release|Any CPU.ActiveCfg = Release|Any CPU
		{BACB3050-9FE4-2E0F-959D-455D9E554345}.Release|Any CPU.Build.0 = Release|Any CPU
		{A2E46A19-1949-A533-E763-F5C9F3CAD25B}.Debug|Any CPU.ActiveCfg = Debug|Any CPU
		{A2E46A19-1949-A533-E763-F5C9F3CAD25B}.Debug|Any CPU.Build.0 = Debug|Any CPU
		{A2E46A19-1949-A533-E763-F5C9F3CAD25B}.Release|Any CPU.ActiveCfg = Release|Any CPU
		{A2E46A19-1949-A533-E763-F5C9F3CAD25B}.Release|Any CPU.Build.0 = Release|Any CPU
		{67B86D65-F4E5-B4D0-0A5B-9DD05884824B}.Debug|Any CPU.ActiveCfg = Debug|Any CPU
		{67B86D65-F4E5-B4D0-0A5B-9DD05884824B}.Debug|Any CPU.Build.0 = Debug|Any CPU
		{67B86D65-F4E5-B4D0-0A5B-9DD05884824B}.Release|Any CPU.ActiveCfg = Release|Any CPU
		{67B86D65-F4E5-B4D0-0A5B-9DD05884824B}.Release|Any CPU.Build.0 = Release|Any CPU
		{92493D73-8B72-1934-1E0F-E664C7ACECC6}.Debug|Any CPU.ActiveCfg = Debug|Any CPU
		{92493D73-8B72-1934-1E0F-E664C7ACECC6}.Debug|Any CPU.Build.0 = Debug|Any CPU
		{92493D73-8B72-1934-1E0F-E664C7ACECC6}.Release|Any CPU.ActiveCfg = Release|Any CPU
		{92493D73-8B72-1934-1E0F-E664C7ACECC6}.Release|Any CPU.Build.0 = Release|Any CPU
		{94D58B39-29FB-F838-34D8-EC9C840D4F8A}.Debug|Any CPU.ActiveCfg = Debug|Any CPU
		{94D58B39-29FB-F838-34D8-EC9C840D4F8A}.Debug|Any CPU.Build.0 = Debug|Any CPU
		{94D58B39-29FB-F838-34D8-EC9C840D4F8A}.Release|Any CPU.ActiveCfg = Release|Any CPU
		{94D58B39-29FB-F838-34D8-EC9C840D4F8A}.Release|Any CPU.Build.0 = Release|Any CPU
	EndGlobalSection
	GlobalSection(SolutionProperties) = preSolution
		HideSolutionNode = FALSE
	EndGlobalSection
EndGlobal
