
Microsoft Visual Studio Solution File, Format Version 12.00
# Visual Studio 15
Project("{FAE04EC0-301F-11D3-BF4B-00C04F79EFBC}") = "Assembly-CSharp-firstpass", "Assembly-CSharp-firstpass.csproj", "{B5FAF7A3-DA0E-3D51-4BD5-ABE4B965C6A5}"
EndProject
Project("{FAE04EC0-301F-11D3-BF4B-00C04F79EFBC}") = "Assembly-CSharp", "Assembly-CSharp.csproj", "{9CD9E39B-ED5D-DCEE-1721-A8832FFAB54E}"
EndProject
Project("{FAE04EC0-301F-11D3-BF4B-00C04F79EFBC}") = "PlayFab", "PlayFab.csproj", "{6F4674C8-A318-B652-FBF1-CED74167F5FB}"
EndProject
Project("{FAE04EC0-301F-11D3-BF4B-00C04F79EFBC}") = "PhotonUnityNetworking.Demos", "PhotonUnityNetworking.Demos.csproj", "{3C7AD5D1-1EF2-81C5-A71F-0DEF3F75372D}"
EndProject
Project("{FAE04EC0-301F-11D3-BF4B-00C04F79EFBC}") = "PhotonRealtime", "PhotonRealtime.csproj", "{8A5712F4-2DDA-CEA8-2923-95B287E8D86D}"
EndProject
Project("{FAE04EC0-301F-11D3-BF4B-00C04F79EFBC}") = "PhotonUnityNetworking", "PhotonUnityNetworking.csproj", "{F94EAD77-B88B-582A-1B43-BE85986FBAEB}"
EndProject
Project("{FAE04EC0-301F-11D3-BF4B-00C04F79EFBC}") = "PhotonUnityNetworking.Utilities", "PhotonUnityNetworking.Utilities.csproj", "{ED447725-29B2-B4F0-9EA0-C8DFA75D2867}"
EndProject
Project("{FAE04EC0-301F-11D3-BF4B-00C04F79EFBC}") = "PhotonChat", "PhotonChat.csproj", "{6C28C559-74B7-39E1-E255-6E36887D782B}"
EndProject
Project("{FAE04EC0-301F-11D3-BF4B-00C04F79EFBC}") = "PhotonUnityNetworking.Editor", "PhotonUnityNetworking.Editor.csproj", "{BD8EA611-0C41-2CBB-6EF6-11DAE55CD90F}"
EndProject
Project("{FAE04EC0-301F-11D3-BF4B-00C04F79EFBC}") = "PlayFabEditorExtensions", "PlayFabEditorExtensions.csproj", "{3BB5A5C8-66DE-E4EB-D5A6-18AFE572C927}"
EndProject
Project("{FAE04EC0-301F-11D3-BF4B-00C04F79EFBC}") = "PhotonUnityNetworking.Utilities.PhotonPlayer.Editor", "PhotonUnityNetworking.Utilities.PhotonPlayer.Editor.csproj", "{28B2CAF8-F014-C339-7438-F45B788A55AA}"
EndProject
Project("{FAE04EC0-301F-11D3-BF4B-00C04F79EFBC}") = "Assembly-CSharp-Editor", "Assembly-CSharp-Editor.csproj", "{4A800397-ECCE-18B7-F254-8E2E06088E50}"
EndProject
Project("{FAE04EC0-301F-11D3-BF4B-00C04F79EFBC}") = "PunDemos.DemoSlotcarEditor", "PunDemos.DemoSlotcarEditor.csproj", "{09DF8E81-E366-7F90-35C8-2919B62E4C28}"
EndProject
Project("{FAE04EC0-301F-11D3-BF4B-00C04F79EFBC}") = "PhotonUnityNetworking.Utilities.Culling.Editor", "PhotonUnityNetworking.Utilities.Culling.Editor.csproj", "{6C3303E5-A63F-B0EE-71A5-B2E8373F0832}"
EndProject
Project("{FAE04EC0-301F-11D3-BF4B-00C04F79EFBC}") = "PunDemos.DemoHubEditor", "PunDemos.DemoHubEditor.csproj", "{BEA7569E-1655-7213-AE6D-C827D79C5F46}"
EndProject
Project("{FAE04EC0-301F-11D3-BF4B-00C04F79EFBC}") = "PlayFabSDKEditor", "PlayFabSDKEditor.csproj", "{2AC25B8F-5C60-9ED4-A7B0-46A9ACF5604D}"
EndProject
Global
	GlobalSection(SolutionConfigurationPlatforms) = preSolution
		Debug|Any CPU = Debug|Any CPU
		Release|Any CPU = Release|Any CPU
	EndGlobalSection
	GlobalSection(ProjectConfigurationPlatforms) = postSolution
		{B5FAF7A3-DA0E-3D51-4BD5-ABE4B965C6A5}.Debug|Any CPU.ActiveCfg = Debug|Any CPU
		{B5FAF7A3-DA0E-3D51-4BD5-ABE4B965C6A5}.Debug|Any CPU.Build.0 = Debug|Any CPU
		{B5FAF7A3-DA0E-3D51-4BD5-ABE4B965C6A5}.Release|Any CPU.ActiveCfg = Release|Any CPU
		{B5FAF7A3-DA0E-3D51-4BD5-ABE4B965C6A5}.Release|Any CPU.Build.0 = Release|Any CPU
		{9CD9E39B-ED5D-DCEE-1721-A8832FFAB54E}.Debug|Any CPU.ActiveCfg = Debug|Any CPU
		{9CD9E39B-ED5D-DCEE-1721-A8832FFAB54E}.Debug|Any CPU.Build.0 = Debug|Any CPU
		{9CD9E39B-ED5D-DCEE-1721-A8832FFAB54E}.Release|Any CPU.ActiveCfg = Release|Any CPU
		{9CD9E39B-ED5D-DCEE-1721-A8832FFAB54E}.Release|Any CPU.Build.0 = Release|Any CPU
		{6F4674C8-A318-B652-FBF1-CED74167F5FB}.Debug|Any CPU.ActiveCfg = Debug|Any CPU
		{6F4674C8-A318-B652-FBF1-CED74167F5FB}.Debug|Any CPU.Build.0 = Debug|Any CPU
		{6F4674C8-A318-B652-FBF1-CED74167F5FB}.Release|Any CPU.ActiveCfg = Release|Any CPU
		{6F4674C8-A318-B652-FBF1-CED74167F5FB}.Release|Any CPU.Build.0 = Release|Any CPU
		{3C7AD5D1-1EF2-81C5-A71F-0DEF3F75372D}.Debug|Any CPU.ActiveCfg = Debug|Any CPU
		{3C7AD5D1-1EF2-81C5-A71F-0DEF3F75372D}.Debug|Any CPU.Build.0 = Debug|Any CPU
		{3C7AD5D1-1EF2-81C5-A71F-0DEF3F75372D}.Release|Any CPU.ActiveCfg = Release|Any CPU
		{3C7AD5D1-1EF2-81C5-A71F-0DEF3F75372D}.Release|Any CPU.Build.0 = Release|Any CPU
		{8A5712F4-2DDA-CEA8-2923-95B287E8D86D}.Debug|Any CPU.ActiveCfg = Debug|Any CPU
		{8A5712F4-2DDA-CEA8-2923-95B287E8D86D}.Debug|Any CPU.Build.0 = Debug|Any CPU
		{8A5712F4-2DDA-CEA8-2923-95B287E8D86D}.Release|Any CPU.ActiveCfg = Release|Any CPU
		{8A5712F4-2DDA-CEA8-2923-95B287E8D86D}.Release|Any CPU.Build.0 = Release|Any CPU
		{F94EAD77-B88B-582A-1B43-BE85986FBAEB}.Debug|Any CPU.ActiveCfg = Debug|Any CPU
		{F94EAD77-B88B-582A-1B43-BE85986FBAEB}.Debug|Any CPU.Build.0 = Debug|Any CPU
		{F94EAD77-B88B-582A-1B43-BE85986FBAEB}.Release|Any CPU.ActiveCfg = Release|Any CPU
		{F94EAD77-B88B-582A-1B43-BE85986FBAEB}.Release|Any CPU.Build.0 = Release|Any CPU
		{ED447725-29B2-B4F0-9EA0-C8DFA75D2867}.Debug|Any CPU.ActiveCfg = Debug|Any CPU
		{ED447725-29B2-B4F0-9EA0-C8DFA75D2867}.Debug|Any CPU.Build.0 = Debug|Any CPU
		{ED447725-29B2-B4F0-9EA0-C8DFA75D2867}.Release|Any CPU.ActiveCfg = Release|Any CPU
		{ED447725-29B2-B4F0-9EA0-C8DFA75D2867}.Release|Any CPU.Build.0 = Release|Any CPU
		{6C28C559-74B7-39E1-E255-6E36887D782B}.Debug|Any CPU.ActiveCfg = Debug|Any CPU
		{6C28C559-74B7-39E1-E255-6E36887D782B}.Debug|Any CPU.Build.0 = Debug|Any CPU
		{6C28C559-74B7-39E1-E255-6E36887D782B}.Release|Any CPU.ActiveCfg = Release|Any CPU
		{6C28C559-74B7-39E1-E255-6E36887D782B}.Release|Any CPU.Build.0 = Release|Any CPU
		{BD8EA611-0C41-2CBB-6EF6-11DAE55CD90F}.Debug|Any CPU.ActiveCfg = Debug|Any CPU
		{BD8EA611-0C41-2CBB-6EF6-11DAE55CD90F}.Debug|Any CPU.Build.0 = Debug|Any CPU
		{BD8EA611-0C41-2CBB-6EF6-11DAE55CD90F}.Release|Any CPU.ActiveCfg = Release|Any CPU
		{BD8EA611-0C41-2CBB-6EF6-11DAE55CD90F}.Release|Any CPU.Build.0 = Release|Any CPU
		{3BB5A5C8-66DE-E4EB-D5A6-18AFE572C927}.Debug|Any CPU.ActiveCfg = Debug|Any CPU
		{3BB5A5C8-66DE-E4EB-D5A6-18AFE572C927}.Debug|Any CPU.Build.0 = Debug|Any CPU
		{3BB5A5C8-66DE-E4EB-D5A6-18AFE572C927}.Release|Any CPU.ActiveCfg = Release|Any CPU
		{3BB5A5C8-66DE-E4EB-D5A6-18AFE572C927}.Release|Any CPU.Build.0 = Release|Any CPU
		{28B2CAF8-F014-C339-7438-F45B788A55AA}.Debug|Any CPU.ActiveCfg = Debug|Any CPU
		{28B2CAF8-F014-C339-7438-F45B788A55AA}.Debug|Any CPU.Build.0 = Debug|Any CPU
		{28B2CAF8-F014-C339-7438-F45B788A55AA}.Release|Any CPU.ActiveCfg = Release|Any CPU
		{28B2CAF8-F014-C339-7438-F45B788A55AA}.Release|Any CPU.Build.0 = Release|Any CPU
		{4A800397-ECCE-18B7-F254-8E2E06088E50}.Debug|Any CPU.ActiveCfg = Debug|Any CPU
		{4A800397-ECCE-18B7-F254-8E2E06088E50}.Debug|Any CPU.Build.0 = Debug|Any CPU
		{4A800397-ECCE-18B7-F254-8E2E06088E50}.Release|Any CPU.ActiveCfg = Release|Any CPU
		{4A800397-ECCE-18B7-F254-8E2E06088E50}.Release|Any CPU.Build.0 = Release|Any CPU
		{09DF8E81-E366-7F90-35C8-2919B62E4C28}.Debug|Any CPU.ActiveCfg = Debug|Any CPU
		{09DF8E81-E366-7F90-35C8-2919B62E4C28}.Debug|Any CPU.Build.0 = Debug|Any CPU
		{09DF8E81-E366-7F90-35C8-2919B62E4C28}.Release|Any CPU.ActiveCfg = Release|Any CPU
		{09DF8E81-E366-7F90-35C8-2919B62E4C28}.Release|Any CPU.Build.0 = Release|Any CPU
		{6C3303E5-A63F-B0EE-71A5-B2E8373F0832}.Debug|Any CPU.ActiveCfg = Debug|Any CPU
		{6C3303E5-A63F-B0EE-71A5-B2E8373F0832}.Debug|Any CPU.Build.0 = Debug|Any CPU
		{6C3303E5-A63F-B0EE-71A5-B2E8373F0832}.Release|Any CPU.ActiveCfg = Release|Any CPU
		{6C3303E5-A63F-B0EE-71A5-B2E8373F0832}.Release|Any CPU.Build.0 = Release|Any CPU
		{BEA7569E-1655-7213-AE6D-C827D79C5F46}.Debug|Any CPU.ActiveCfg = Debug|Any CPU
		{BEA7569E-1655-7213-AE6D-C827D79C5F46}.Debug|Any CPU.Build.0 = Debug|Any CPU
		{BEA7569E-1655-7213-AE6D-C827D79C5F46}.Release|Any CPU.ActiveCfg = Release|Any CPU
		{BEA7569E-1655-7213-AE6D-C827D79C5F46}.Release|Any CPU.Build.0 = Release|Any CPU
		{2AC25B8F-5C60-9ED4-A7B0-46A9ACF5604D}.Debug|Any CPU.ActiveCfg = Debug|Any CPU
		{2AC25B8F-5C60-9ED4-A7B0-46A9ACF5604D}.Debug|Any CPU.Build.0 = Debug|Any CPU
		{2AC25B8F-5C60-9ED4-A7B0-46A9ACF5604D}.Release|Any CPU.ActiveCfg = Release|Any CPU
		{2AC25B8F-5C60-9ED4-A7B0-46A9ACF5604D}.Release|Any CPU.Build.0 = Release|Any CPU
	EndGlobalSection
	GlobalSection(SolutionProperties) = preSolution
		HideSolutionNode = FALSE
	EndGlobalSection
EndGlobal
