
Microsoft Visual Studio Solution File, Format Version 12.00
# Visual Studio 15
Project("{FAE04EC0-301F-11D3-BF4B-00C04F79EFBC}") = "PlayFab", "PlayFab.csproj", "{DFE83F27-DF0C-DFE8-63D4-5E6372B1DBA4}"
EndProject
Project("{FAE04EC0-301F-11D3-BF4B-00C04F79EFBC}") = "Assembly-CSharp-firstpass", "Assembly-CSharp-firstpass.csproj", "{DD70C191-86B4-54F7-F292-59DE4D55CB9D}"
EndProject
Project("{FAE04EC0-301F-11D3-BF4B-00C04F79EFBC}") = "PhotonUnityNetworking.Demos", "PhotonUnityNetworking.Demos.csproj", "{ABBC7543-EAE2-B435-55ED-8548155AA48D}"
EndProject
Project("{FAE04EC0-301F-11D3-BF4B-00C04F79EFBC}") = "Assembly-CSharp", "Assembly-CSharp.csproj", "{9050DB38-2BF5-72A8-C592-15C2CC611CFE}"
EndProject
Project("{FAE04EC0-301F-11D3-BF4B-00C04F79EFBC}") = "PhotonRealtime", "PhotonRealtime.csproj", "{6596E488-1FA0-1CFB-3F3E-BB41E90F8F4F}"
EndProject
Project("{FAE04EC0-301F-11D3-BF4B-00C04F79EFBC}") = "PhotonUnityNetworking", "PhotonUnityNetworking.csproj", "{71A15896-0A26-20A8-6B50-1E5325C27ADA}"
EndProject
Project("{FAE04EC0-301F-11D3-BF4B-00C04F79EFBC}") = "PhotonUnityNetworking.Utilities", "PhotonUnityNetworking.Utilities.csproj", "{48A0A9A4-3820-9AAA-204D-651CAC3C8E93}"
EndProject
Project("{FAE04EC0-301F-11D3-BF4B-00C04F79EFBC}") = "NavMeshComponentsTestsPlaymode", "NavMeshComponentsTestsPlaymode.csproj", "{78EFB584-0E35-0BFD-A9DF-5CF471660C8B}"
EndProject
Project("{FAE04EC0-301F-11D3-BF4B-00C04F79EFBC}") = "sc.terrain.painter.runtime", "sc.terrain.painter.runtime.csproj", "{33861855-CC4C-35DF-3D55-62947AE2BEC0}"
EndProject
Project("{FAE04EC0-301F-11D3-BF4B-00C04F79EFBC}") = "HDRPSamples", "HDRPSamples.csproj", "{FD82F94A-4DF3-587D-959F-8764277B23C0}"
EndProject
Project("{FAE04EC0-301F-11D3-BF4B-00C04F79EFBC}") = "PhotonChat", "PhotonChat.csproj", "{062B518A-06CC-B9FD-148B-C1DF64B87389}"
EndProject
Project("{FAE04EC0-301F-11D3-BF4B-00C04F79EFBC}") = "NavMeshComponentsExamples", "NavMeshComponentsExamples.csproj", "{AC75E9E1-EF35-0064-F180-8DC847FCB6D9}"
EndProject
Project("{FAE04EC0-301F-11D3-BF4B-00C04F79EFBC}") = "NavMeshComponents", "NavMeshComponents.csproj", "{9C407C4C-9E6E-51EF-2EF7-7CC1B55447B8}"
EndProject
Project("{FAE04EC0-301F-11D3-BF4B-00C04F79EFBC}") = "PhotonUnityNetworking.Editor", "PhotonUnityNetworking.Editor.csproj", "{DC982E9F-3CEC-395D-81B8-69CD4DCF16A6}"
EndProject
Project("{FAE04EC0-301F-11D3-BF4B-00C04F79EFBC}") = "Assembly-CSharp-Editor", "Assembly-CSharp-Editor.csproj", "{D7410B66-66E4-0C6D-653B-51AD931E8FBA}"
EndProject
Project("{FAE04EC0-301F-11D3-BF4B-00C04F79EFBC}") = "PlayFabEditorExtensions", "PlayFabEditorExtensions.csproj", "{3AED7FFA-5244-863C-6EC6-0AC60823472D}"
EndProject
Project("{FAE04EC0-301F-11D3-BF4B-00C04F79EFBC}") = "PhotonUnityNetworking.Utilities.PhotonPlayer.Editor", "PhotonUnityNetworking.Utilities.PhotonPlayer.Editor.csproj", "{221061DB-45E0-82D5-495B-B31804D0A600}"
EndProject
Project("{FAE04EC0-301F-11D3-BF4B-00C04F79EFBC}") = "NavMeshComponentsTestsEditmode", "NavMeshComponentsTestsEditmode.csproj", "{4E08129F-60C2-F9FF-9906-313642450EF3}"
EndProject
Project("{FAE04EC0-301F-11D3-BF4B-00C04F79EFBC}") = "NavMeshComponentsEditor", "NavMeshComponentsEditor.csproj", "{FF694DF2-E677-3BFF-E223-FF212C5FE6FB}"
EndProject
Project("{FAE04EC0-301F-11D3-BF4B-00C04F79EFBC}") = "sc.terrain.painter.editor", "sc.terrain.painter.editor.csproj", "{349D3B9E-7318-BB56-7625-E43CAC5617C2}"
EndProject
Project("{FAE04EC0-301F-11D3-BF4B-00C04F79EFBC}") = "PunDemos.DemoSlotcarEditor", "PunDemos.DemoSlotcarEditor.csproj", "{DE037F1E-DC92-85B3-5E92-867CDC8DD23E}"
EndProject
Project("{FAE04EC0-301F-11D3-BF4B-00C04F79EFBC}") = "PhotonUnityNetworking.Utilities.Culling.Editor", "PhotonUnityNetworking.Utilities.Culling.Editor.csproj", "{8BBB768F-7F68-67F4-5676-CF7D0D675CE5}"
EndProject
Project("{FAE04EC0-301F-11D3-BF4B-00C04F79EFBC}") = "PunDemos.DemoHubEditor", "PunDemos.DemoHubEditor.csproj", "{C589DB47-41D2-92CC-F131-5844E31856BA}"
EndProject
Project("{FAE04EC0-301F-11D3-BF4B-00C04F79EFBC}") = "PlayFabSDKEditor", "PlayFabSDKEditor.csproj", "{303C3B22-C59B-0503-162F-955125D04BE7}"
EndProject
Project("{FAE04EC0-301F-11D3-BF4B-00C04F79EFBC}") = "NavMeshComponentsExamplesEditor", "NavMeshComponentsExamplesEditor.csproj", "{6CF2682E-6557-F893-7905-7532479D0A30}"
EndProject
Global
	GlobalSection(SolutionConfigurationPlatforms) = preSolution
		Debug|Any CPU = Debug|Any CPU
		Release|Any CPU = Release|Any CPU
	EndGlobalSection
	GlobalSection(ProjectConfigurationPlatforms) = postSolution
		{DFE83F27-DF0C-DFE8-63D4-5E6372B1DBA4}.Debug|Any CPU.ActiveCfg = Debug|Any CPU
		{DFE83F27-DF0C-DFE8-63D4-5E6372B1DBA4}.Debug|Any CPU.Build.0 = Debug|Any CPU
		{DFE83F27-DF0C-DFE8-63D4-5E6372B1DBA4}.Release|Any CPU.ActiveCfg = Release|Any CPU
		{DFE83F27-DF0C-DFE8-63D4-5E6372B1DBA4}.Release|Any CPU.Build.0 = Release|Any CPU
		{DD70C191-86B4-54F7-F292-59DE4D55CB9D}.Debug|Any CPU.ActiveCfg = Debug|Any CPU
		{DD70C191-86B4-54F7-F292-59DE4D55CB9D}.Debug|Any CPU.Build.0 = Debug|Any CPU
		{DD70C191-86B4-54F7-F292-59DE4D55CB9D}.Release|Any CPU.ActiveCfg = Release|Any CPU
		{DD70C191-86B4-54F7-F292-59DE4D55CB9D}.Release|Any CPU.Build.0 = Release|Any CPU
		{ABBC7543-EAE2-B435-55ED-8548155AA48D}.Debug|Any CPU.ActiveCfg = Debug|Any CPU
		{ABBC7543-EAE2-B435-55ED-8548155AA48D}.Debug|Any CPU.Build.0 = Debug|Any CPU
		{ABBC7543-EAE2-B435-55ED-8548155AA48D}.Release|Any CPU.ActiveCfg = Release|Any CPU
		{ABBC7543-EAE2-B435-55ED-8548155AA48D}.Release|Any CPU.Build.0 = Release|Any CPU
		{9050DB38-2BF5-72A8-C592-15C2CC611CFE}.Debug|Any CPU.ActiveCfg = Debug|Any CPU
		{9050DB38-2BF5-72A8-C592-15C2CC611CFE}.Debug|Any CPU.Build.0 = Debug|Any CPU
		{9050DB38-2BF5-72A8-C592-15C2CC611CFE}.Release|Any CPU.ActiveCfg = Release|Any CPU
		{9050DB38-2BF5-72A8-C592-15C2CC611CFE}.Release|Any CPU.Build.0 = Release|Any CPU
		{6596E488-1FA0-1CFB-3F3E-BB41E90F8F4F}.Debug|Any CPU.ActiveCfg = Debug|Any CPU
		{6596E488-1FA0-1CFB-3F3E-BB41E90F8F4F}.Debug|Any CPU.Build.0 = Debug|Any CPU
		{6596E488-1FA0-1CFB-3F3E-BB41E90F8F4F}.Release|Any CPU.ActiveCfg = Release|Any CPU
		{6596E488-1FA0-1CFB-3F3E-BB41E90F8F4F}.Release|Any CPU.Build.0 = Release|Any CPU
		{71A15896-0A26-20A8-6B50-1E5325C27ADA}.Debug|Any CPU.ActiveCfg = Debug|Any CPU
		{71A15896-0A26-20A8-6B50-1E5325C27ADA}.Debug|Any CPU.Build.0 = Debug|Any CPU
		{71A15896-0A26-20A8-6B50-1E5325C27ADA}.Release|Any CPU.ActiveCfg = Release|Any CPU
		{71A15896-0A26-20A8-6B50-1E5325C27ADA}.Release|Any CPU.Build.0 = Release|Any CPU
		{48A0A9A4-3820-9AAA-204D-651CAC3C8E93}.Debug|Any CPU.ActiveCfg = Debug|Any CPU
		{48A0A9A4-3820-9AAA-204D-651CAC3C8E93}.Debug|Any CPU.Build.0 = Debug|Any CPU
		{48A0A9A4-3820-9AAA-204D-651CAC3C8E93}.Release|Any CPU.ActiveCfg = Release|Any CPU
		{48A0A9A4-3820-9AAA-204D-651CAC3C8E93}.Release|Any CPU.Build.0 = Release|Any CPU
		{78EFB584-0E35-0BFD-A9DF-5CF471660C8B}.Debug|Any CPU.ActiveCfg = Debug|Any CPU
		{78EFB584-0E35-0BFD-A9DF-5CF471660C8B}.Debug|Any CPU.Build.0 = Debug|Any CPU
		{78EFB584-0E35-0BFD-A9DF-5CF471660C8B}.Release|Any CPU.ActiveCfg = Release|Any CPU
		{78EFB584-0E35-0BFD-A9DF-5CF471660C8B}.Release|Any CPU.Build.0 = Release|Any CPU
		{33861855-CC4C-35DF-3D55-62947AE2BEC0}.Debug|Any CPU.ActiveCfg = Debug|Any CPU
		{33861855-CC4C-35DF-3D55-62947AE2BEC0}.Debug|Any CPU.Build.0 = Debug|Any CPU
		{33861855-CC4C-35DF-3D55-62947AE2BEC0}.Release|Any CPU.ActiveCfg = Release|Any CPU
		{33861855-CC4C-35DF-3D55-62947AE2BEC0}.Release|Any CPU.Build.0 = Release|Any CPU
		{FD82F94A-4DF3-587D-959F-8764277B23C0}.Debug|Any CPU.ActiveCfg = Debug|Any CPU
		{FD82F94A-4DF3-587D-959F-8764277B23C0}.Debug|Any CPU.Build.0 = Debug|Any CPU
		{FD82F94A-4DF3-587D-959F-8764277B23C0}.Release|Any CPU.ActiveCfg = Release|Any CPU
		{FD82F94A-4DF3-587D-959F-8764277B23C0}.Release|Any CPU.Build.0 = Release|Any CPU
		{062B518A-06CC-B9FD-148B-C1DF64B87389}.Debug|Any CPU.ActiveCfg = Debug|Any CPU
		{062B518A-06CC-B9FD-148B-C1DF64B87389}.Debug|Any CPU.Build.0 = Debug|Any CPU
		{062B518A-06CC-B9FD-148B-C1DF64B87389}.Release|Any CPU.ActiveCfg = Release|Any CPU
		{062B518A-06CC-B9FD-148B-C1DF64B87389}.Release|Any CPU.Build.0 = Release|Any CPU
		{AC75E9E1-EF35-0064-F180-8DC847FCB6D9}.Debug|Any CPU.ActiveCfg = Debug|Any CPU
		{AC75E9E1-EF35-0064-F180-8DC847FCB6D9}.Debug|Any CPU.Build.0 = Debug|Any CPU
		{AC75E9E1-EF35-0064-F180-8DC847FCB6D9}.Release|Any CPU.ActiveCfg = Release|Any CPU
		{AC75E9E1-EF35-0064-F180-8DC847FCB6D9}.Release|Any CPU.Build.0 = Release|Any CPU
		{9C407C4C-9E6E-51EF-2EF7-7CC1B55447B8}.Debug|Any CPU.ActiveCfg = Debug|Any CPU
		{9C407C4C-9E6E-51EF-2EF7-7CC1B55447B8}.Debug|Any CPU.Build.0 = Debug|Any CPU
		{9C407C4C-9E6E-51EF-2EF7-7CC1B55447B8}.Release|Any CPU.ActiveCfg = Release|Any CPU
		{9C407C4C-9E6E-51EF-2EF7-7CC1B55447B8}.Release|Any CPU.Build.0 = Release|Any CPU
		{DC982E9F-3CEC-395D-81B8-69CD4DCF16A6}.Debug|Any CPU.ActiveCfg = Debug|Any CPU
		{DC982E9F-3CEC-395D-81B8-69CD4DCF16A6}.Debug|Any CPU.Build.0 = Debug|Any CPU
		{DC982E9F-3CEC-395D-81B8-69CD4DCF16A6}.Release|Any CPU.ActiveCfg = Release|Any CPU
		{DC982E9F-3CEC-395D-81B8-69CD4DCF16A6}.Release|Any CPU.Build.0 = Release|Any CPU
		{D7410B66-66E4-0C6D-653B-51AD931E8FBA}.Debug|Any CPU.ActiveCfg = Debug|Any CPU
		{D7410B66-66E4-0C6D-653B-51AD931E8FBA}.Debug|Any CPU.Build.0 = Debug|Any CPU
		{D7410B66-66E4-0C6D-653B-51AD931E8FBA}.Release|Any CPU.ActiveCfg = Release|Any CPU
		{D7410B66-66E4-0C6D-653B-51AD931E8FBA}.Release|Any CPU.Build.0 = Release|Any CPU
		{3AED7FFA-5244-863C-6EC6-0AC60823472D}.Debug|Any CPU.ActiveCfg = Debug|Any CPU
		{3AED7FFA-5244-863C-6EC6-0AC60823472D}.Debug|Any CPU.Build.0 = Debug|Any CPU
		{3AED7FFA-5244-863C-6EC6-0AC60823472D}.Release|Any CPU.ActiveCfg = Release|Any CPU
		{3AED7FFA-5244-863C-6EC6-0AC60823472D}.Release|Any CPU.Build.0 = Release|Any CPU
		{221061DB-45E0-82D5-495B-B31804D0A600}.Debug|Any CPU.ActiveCfg = Debug|Any CPU
		{221061DB-45E0-82D5-495B-B31804D0A600}.Debug|Any CPU.Build.0 = Debug|Any CPU
		{221061DB-45E0-82D5-495B-B31804D0A600}.Release|Any CPU.ActiveCfg = Release|Any CPU
		{221061DB-45E0-82D5-495B-B31804D0A600}.Release|Any CPU.Build.0 = Release|Any CPU
		{4E08129F-60C2-F9FF-9906-313642450EF3}.Debug|Any CPU.ActiveCfg = Debug|Any CPU
		{4E08129F-60C2-F9FF-9906-313642450EF3}.Debug|Any CPU.Build.0 = Debug|Any CPU
		{4E08129F-60C2-F9FF-9906-313642450EF3}.Release|Any CPU.ActiveCfg = Release|Any CPU
		{4E08129F-60C2-F9FF-9906-313642450EF3}.Release|Any CPU.Build.0 = Release|Any CPU
		{FF694DF2-E677-3BFF-E223-FF212C5FE6FB}.Debug|Any CPU.ActiveCfg = Debug|Any CPU
		{FF694DF2-E677-3BFF-E223-FF212C5FE6FB}.Debug|Any CPU.Build.0 = Debug|Any CPU
		{FF694DF2-E677-3BFF-E223-FF212C5FE6FB}.Release|Any CPU.ActiveCfg = Release|Any CPU
		{FF694DF2-E677-3BFF-E223-FF212C5FE6FB}.Release|Any CPU.Build.0 = Release|Any CPU
		{349D3B9E-7318-BB56-7625-E43CAC5617C2}.Debug|Any CPU.ActiveCfg = Debug|Any CPU
		{349D3B9E-7318-BB56-7625-E43CAC5617C2}.Debug|Any CPU.Build.0 = Debug|Any CPU
		{349D3B9E-7318-BB56-7625-E43CAC5617C2}.Release|Any CPU.ActiveCfg = Release|Any CPU
		{349D3B9E-7318-BB56-7625-E43CAC5617C2}.Release|Any CPU.Build.0 = Release|Any CPU
		{DE037F1E-DC92-85B3-5E92-867CDC8DD23E}.Debug|Any CPU.ActiveCfg = Debug|Any CPU
		{DE037F1E-DC92-85B3-5E92-867CDC8DD23E}.Debug|Any CPU.Build.0 = Debug|Any CPU
		{DE037F1E-DC92-85B3-5E92-867CDC8DD23E}.Release|Any CPU.ActiveCfg = Release|Any CPU
		{DE037F1E-DC92-85B3-5E92-867CDC8DD23E}.Release|Any CPU.Build.0 = Release|Any CPU
		{8BBB768F-7F68-67F4-5676-CF7D0D675CE5}.Debug|Any CPU.ActiveCfg = Debug|Any CPU
		{8BBB768F-7F68-67F4-5676-CF7D0D675CE5}.Debug|Any CPU.Build.0 = Debug|Any CPU
		{8BBB768F-7F68-67F4-5676-CF7D0D675CE5}.Release|Any CPU.ActiveCfg = Release|Any CPU
		{8BBB768F-7F68-67F4-5676-CF7D0D675CE5}.Release|Any CPU.Build.0 = Release|Any CPU
		{C589DB47-41D2-92CC-F131-5844E31856BA}.Debug|Any CPU.ActiveCfg = Debug|Any CPU
		{C589DB47-41D2-92CC-F131-5844E31856BA}.Debug|Any CPU.Build.0 = Debug|Any CPU
		{C589DB47-41D2-92CC-F131-5844E31856BA}.Release|Any CPU.ActiveCfg = Release|Any CPU
		{C589DB47-41D2-92CC-F131-5844E31856BA}.Release|Any CPU.Build.0 = Release|Any CPU
		{303C3B22-C59B-0503-162F-955125D04BE7}.Debug|Any CPU.ActiveCfg = Debug|Any CPU
		{303C3B22-C59B-0503-162F-955125D04BE7}.Debug|Any CPU.Build.0 = Debug|Any CPU
		{303C3B22-C59B-0503-162F-955125D04BE7}.Release|Any CPU.ActiveCfg = Release|Any CPU
		{303C3B22-C59B-0503-162F-955125D04BE7}.Release|Any CPU.Build.0 = Release|Any CPU
		{6CF2682E-6557-F893-7905-7532479D0A30}.Debug|Any CPU.ActiveCfg = Debug|Any CPU
		{6CF2682E-6557-F893-7905-7532479D0A30}.Debug|Any CPU.Build.0 = Debug|Any CPU
		{6CF2682E-6557-F893-7905-7532479D0A30}.Release|Any CPU.ActiveCfg = Release|Any CPU
		{6CF2682E-6557-F893-7905-7532479D0A30}.Release|Any CPU.Build.0 = Release|Any CPU
	EndGlobalSection
	GlobalSection(SolutionProperties) = preSolution
		HideSolutionNode = FALSE
	EndGlobalSection
EndGlobal
