
Microsoft Visual Studio Solution File, Format Version 11.00
# Visual Studio 2010
Project("{FAE04EC0-301F-11D3-BF4B-00C04F79EFBC}") = "UnityEngine.UI", "UnityEngine.UI.csproj", "{a0a6eeb7-013e-abb8-a2ae-030f992e28bb}"
EndProject
Project("{FAE04EC0-301F-11D3-BF4B-00C04F79EFBC}") = "Unity.RenderPipelines.Core.Runtime", "Unity.RenderPipelines.Core.Runtime.csproj", "{9ffd4f79-e782-fbd5-699d-c5197b36790d}"
EndProject
Project("{FAE04EC0-301F-11D3-BF4B-00C04F79EFBC}") = "Unity.RenderPipelines.HighDefinition.Runtime", "Unity.RenderPipelines.HighDefinition.Runtime.csproj", "{3f2b13d4-3a07-b085-3298-1addf579f448}"
EndProject
Project("{FAE04EC0-301F-11D3-BF4B-00C04F79EFBC}") = "Unity.Services.Core.Telemetry", "Unity.Services.Core.Telemetry.csproj", "{c8abd231-8a18-bdb3-2432-e389d4b0fe65}"
EndProject
Project("{FAE04EC0-301F-11D3-BF4B-00C04F79EFBC}") = "UnityEngine.TestRunner", "UnityEngine.TestRunner.csproj", "{abadbcf9-976e-3bcb-041a-c1c4348c6c11}"
EndProject
Project("{FAE04EC0-301F-11D3-BF4B-00C04F79EFBC}") = "Unity.InputSystem", "Unity.InputSystem.csproj", "{8c73248a-d1fd-d91b-5589-a9d2338a71d2}"
EndProject
Project("{FAE04EC0-301F-11D3-BF4B-00C04F79EFBC}") = "Unity.VisualScripting.State", "Unity.VisualScripting.State.csproj", "{fc13e4cb-eb97-0fd6-6bc7-5045285fc189}"
EndProject
Project("{FAE04EC0-301F-11D3-BF4B-00C04F79EFBC}") = "PlayFab", "PlayFab.csproj", "{273fe8df-0cdf-e8df-63d4-5e6372b1dba4}"
EndProject
Project("{FAE04EC0-301F-11D3-BF4B-00C04F79EFBC}") = "Unity.Postprocessing.Runtime", "Unity.Postprocessing.Runtime.csproj", "{e98c67b6-ebcf-a044-88da-7af1a8bb7b78}"
EndProject
Project("{FAE04EC0-301F-11D3-BF4B-00C04F79EFBC}") = "Unity.VisualScripting.Flow", "Unity.VisualScripting.Flow.csproj", "{61c9fc5f-768e-f17c-3f83-5e89a8a48938}"
EndProject
Project("{FAE04EC0-301F-11D3-BF4B-00C04F79EFBC}") = "Unity.VisualScripting.Core", "Unity.VisualScripting.Core.csproj", "{f873a56a-16db-70c2-b176-8f4a11dceb30}"
EndProject
Project("{FAE04EC0-301F-11D3-BF4B-00C04F79EFBC}") = "Unity.Animation.Rigging", "Unity.Animation.Rigging.csproj", "{e27587ee-a234-cc62-2a73-cda72285ed1d}"
EndProject
Project("{FAE04EC0-301F-11D3-BF4B-00C04F79EFBC}") = "Unity.Services.Core.Environments.Internal", "Unity.Services.Core.Environments.Internal.csproj", "{21800da4-dfce-aa9b-c89d-b4f0a3ffa988}"
EndProject
Project("{FAE04EC0-301F-11D3-BF4B-00C04F79EFBC}") = "Unity.TextMeshPro", "Unity.TextMeshPro.csproj", "{38cce27e-23e3-46c7-2a37-fd3f2e692314}"
EndProject
Project("{FAE04EC0-301F-11D3-BF4B-00C04F79EFBC}") = "Assembly-CSharp-firstpass", "Assembly-CSharp-firstpass.csproj", "{91c170dd-b486-f754-f292-59de4d55cb9d}"
EndProject
Project("{FAE04EC0-301F-11D3-BF4B-00C04F79EFBC}") = "Unity.Burst", "Unity.Burst.csproj", "{57a150f0-3a65-b239-f5a1-76fc2b8cfe4c}"
EndProject
Project("{FAE04EC0-301F-11D3-BF4B-00C04F79EFBC}") = "Autodesk.Fbx", "Autodesk.Fbx.csproj", "{72e509ad-3199-e0f9-3e7e-9b751b6c5436}"
EndProject
Project("{FAE04EC0-301F-11D3-BF4B-00C04F79EFBC}") = "PhotonUnityNetworking.Demos", "PhotonUnityNetworking.Demos.csproj", "{4375bcab-e2ea-35b4-55ed-8548155aa48d}"
EndProject
Project("{FAE04EC0-301F-11D3-BF4B-00C04F79EFBC}") = "Assembly-CSharp", "Assembly-CSharp.csproj", "{38db5090-f52b-a872-c592-15c2cc611cfe}"
EndProject
Project("{FAE04EC0-301F-11D3-BF4B-00C04F79EFBC}") = "Cinemachine", "Cinemachine.csproj", "{fc3f4318-c54f-f315-342e-7e9ac6d72f40}"
EndProject
Project("{FAE04EC0-301F-11D3-BF4B-00C04F79EFBC}") = "Unity.Services.Core.Environments", "Unity.Services.Core.Environments.csproj", "{03ecc1e1-b933-6a5e-16b4-42ef90536bc4}"
EndProject
Project("{FAE04EC0-301F-11D3-BF4B-00C04F79EFBC}") = "PhotonRealtime", "PhotonRealtime.csproj", "{88e49665-a01f-fb1c-3f3e-bb41e90f8f4f}"
EndProject
Project("{FAE04EC0-301F-11D3-BF4B-00C04F79EFBC}") = "PhotonUnityNetworking", "PhotonUnityNetworking.csproj", "{9658a171-260a-a820-6b50-1e5325c27ada}"
EndProject
Project("{FAE04EC0-301F-11D3-BF4B-00C04F79EFBC}") = "PhotonUnityNetworking.Utilities", "PhotonUnityNetworking.Utilities.csproj", "{a4a9a048-2038-aa9a-204d-651cac3c8e93}"
EndProject
Project("{FAE04EC0-301F-11D3-BF4B-00C04F79EFBC}") = "Unity.ProBuilder.Poly2Tri", "Unity.ProBuilder.Poly2Tri.csproj", "{7fdfeb75-c173-96c6-35c6-8c02fc930afd}"
EndProject
Project("{FAE04EC0-301F-11D3-BF4B-00C04F79EFBC}") = "Unity.Services.Core.Internal", "Unity.Services.Core.Internal.csproj", "{3df8c1ed-ef1e-bc9c-f8f7-59414708fc94}"
EndProject
Project("{FAE04EC0-301F-11D3-BF4B-00C04F79EFBC}") = "Unity.ProBuilder", "Unity.ProBuilder.csproj", "{800dc333-2f7c-db34-3b65-9e82437782bd}"
EndProject
Project("{FAE04EC0-301F-11D3-BF4B-00C04F79EFBC}") = "Unity.Timeline", "Unity.Timeline.csproj", "{c850a223-e120-5251-7f41-7bc25685b1f9}"
EndProject
Project("{FAE04EC0-301F-11D3-BF4B-00C04F79EFBC}") = "Unity.Mathematics", "Unity.Mathematics.csproj", "{762881ad-6cd7-b9c7-281b-5af9c9574903}"
EndProject
Project("{FAE04EC0-301F-11D3-BF4B-00C04F79EFBC}") = "Unity.VisualEffectGraph.Runtime", "Unity.VisualEffectGraph.Runtime.csproj", "{a543adaf-2ea5-a4ad-e79a-b044cee5786f}"
EndProject
Project("{FAE04EC0-301F-11D3-BF4B-00C04F79EFBC}") = "NavMeshComponentsTestsPlaymode", "NavMeshComponentsTestsPlaymode.csproj", "{84b5ef78-350e-fd0b-a9df-5cf471660c8b}"
EndProject
Project("{FAE04EC0-301F-11D3-BF4B-00C04F79EFBC}") = "Unity.Services.Core.Scheduler", "Unity.Services.Core.Scheduler.csproj", "{669ae844-3a20-d1c3-162e-eb94e6063e61}"
EndProject
Project("{FAE04EC0-301F-11D3-BF4B-00C04F79EFBC}") = "sc.terrain.painter.runtime", "sc.terrain.painter.runtime.csproj", "{55188633-4ccc-df35-3d55-62947ae2bec0}"
EndProject
Project("{FAE04EC0-301F-11D3-BF4B-00C04F79EFBC}") = "HDRPSamples", "HDRPSamples.csproj", "{4af982fd-f34d-7d58-959f-8764277b23c0}"
EndProject
Project("{FAE04EC0-301F-11D3-BF4B-00C04F79EFBC}") = "Unity.Services.Core.Device", "Unity.Services.Core.Device.csproj", "{f63e1114-7d43-6aab-5fa3-2d2184606299}"
EndProject
Project("{FAE04EC0-301F-11D3-BF4B-00C04F79EFBC}") = "Unity.TerrainTools", "Unity.TerrainTools.csproj", "{5de2ace4-0050-9306-1c45-0266c5054260}"
EndProject
Project("{FAE04EC0-301F-11D3-BF4B-00C04F79EFBC}") = "PhotonChat", "PhotonChat.csproj", "{8a512b06-cc06-fdb9-148b-c1df64b87389}"
EndProject
Project("{FAE04EC0-301F-11D3-BF4B-00C04F79EFBC}") = "NavMeshComponentsExamples", "NavMeshComponentsExamples.csproj", "{e1e975ac-35ef-6400-f180-8dc847fcb6d9}"
EndProject
Project("{FAE04EC0-301F-11D3-BF4B-00C04F79EFBC}") = "Unity.Services.Core.Analytics", "Unity.Services.Core.Analytics.csproj", "{1e299bd3-22a1-98ba-ab0a-3dfb586cd54c}"
EndProject
Project("{FAE04EC0-301F-11D3-BF4B-00C04F79EFBC}") = "Unity.Formats.Fbx.Runtime", "Unity.Formats.Fbx.Runtime.csproj", "{f015440f-dcbf-c8bb-18d0-ee1f2143b94a}"
EndProject
Project("{FAE04EC0-301F-11D3-BF4B-00C04F79EFBC}") = "Unity.ProBuilder.KdTree", "Unity.ProBuilder.KdTree.csproj", "{bae505ae-ed51-3911-a3df-09e8d0a55973}"
EndProject
Project("{FAE04EC0-301F-11D3-BF4B-00C04F79EFBC}") = "Unity.Services.Core.Threading", "Unity.Services.Core.Threading.csproj", "{84a1fa7c-9d1b-b04c-531d-b74852ae3fad}"
EndProject
Project("{FAE04EC0-301F-11D3-BF4B-00C04F79EFBC}") = "Unity.Services.Core.Configuration", "Unity.Services.Core.Configuration.csproj", "{911875a5-4412-b2eb-cc94-289416d7d47b}"
EndProject
Project("{FAE04EC0-301F-11D3-BF4B-00C04F79EFBC}") = "Unity.Services.Core", "Unity.Services.Core.csproj", "{dc5b5944-156e-55bd-4177-5e1b12fd6621}"
EndProject
Project("{FAE04EC0-301F-11D3-BF4B-00C04F79EFBC}") = "Unity.Services.Core.Networking", "Unity.Services.Core.Networking.csproj", "{d17911da-db53-2df3-39f4-8d29e1ee9888}"
EndProject
Project("{FAE04EC0-301F-11D3-BF4B-00C04F79EFBC}") = "NavMeshComponents", "NavMeshComponents.csproj", "{4c7c409c-6e9e-ef51-2ef7-7cc1b55447b8}"
EndProject
Project("{FAE04EC0-301F-11D3-BF4B-00C04F79EFBC}") = "Unity.Services.Core.Registration", "Unity.Services.Core.Registration.csproj", "{9bdcb36d-c147-37a6-5f55-caaa0335cdc2}"
EndProject
Project("{FAE04EC0-301F-11D3-BF4B-00C04F79EFBC}") = "Unity.ProBuilder.Csg", "Unity.ProBuilder.Csg.csproj", "{07f594d9-9da5-2c8a-ad8b-5eba5614f741}"
EndProject
Project("{FAE04EC0-301F-11D3-BF4B-00C04F79EFBC}") = "Unity.ProBuilder.Stl", "Unity.ProBuilder.Stl.csproj", "{802f1b0b-00c2-035f-6117-c4385cac607a}"
EndProject
Project("{FAE04EC0-301F-11D3-BF4B-00C04F79EFBC}") = "Unity.RenderPipelines.ShaderGraph.ShaderGraphLibrary", "Unity.RenderPipelines.ShaderGraph.ShaderGraphLibrary.csproj", "{cd9c8b61-6813-babc-a40d-b5e1bfa6bcf2}"
EndProject
Project("{FAE04EC0-301F-11D3-BF4B-00C04F79EFBC}") = "Unity.RenderPipelines.Core.ShaderLibrary", "Unity.RenderPipelines.Core.ShaderLibrary.csproj", "{76b65236-bba7-1c49-3529-052f3f40a9cd}"
EndProject
Project("{FAE04EC0-301F-11D3-BF4B-00C04F79EFBC}") = "FbxBuildTestAssets", "FbxBuildTestAssets.csproj", "{660051ea-1323-42a2-0758-e2e3d2eed076}"
EndProject
Project("{FAE04EC0-301F-11D3-BF4B-00C04F79EFBC}") = "Unity.RenderPipelines.HighDefinition.Config.Runtime", "Unity.RenderPipelines.HighDefinition.Config.Runtime.csproj", "{e9fa3319-f0ef-953c-5c8a-6951fac03f81}"
EndProject
Project("{FAE04EC0-301F-11D3-BF4B-00C04F79EFBC}") = "Unity.PlasticSCM.Editor", "Unity.PlasticSCM.Editor.csproj", "{c8979ccd-8a1e-e50f-d602-28e0a769fe5a}"
EndProject
Project("{FAE04EC0-301F-11D3-BF4B-00C04F79EFBC}") = "Unity.VisualScripting.Core.Editor", "Unity.VisualScripting.Core.Editor.csproj", "{a955ada6-8bd7-ee9f-2d18-450a4d316c11}"
EndProject
Project("{FAE04EC0-301F-11D3-BF4B-00C04F79EFBC}") = "Unity.ShaderGraph.Editor", "Unity.ShaderGraph.Editor.csproj", "{a8cfded1-a67b-3dd7-8e85-07a882d7cff0}"
EndProject
Project("{FAE04EC0-301F-11D3-BF4B-00C04F79EFBC}") = "Unity.TerrainTools.Editor", "Unity.TerrainTools.Editor.csproj", "{decf9432-92d8-349a-fd64-cc52065cd0c3}"
EndProject
Project("{FAE04EC0-301F-11D3-BF4B-00C04F79EFBC}") = "Unity.Formats.Fbx.Editor", "Unity.Formats.Fbx.Editor.csproj", "{252c8d30-929d-5d6c-a64c-34b63270a66a}"
EndProject
Project("{FAE04EC0-301F-11D3-BF4B-00C04F79EFBC}") = "Unity.Timeline.Editor", "Unity.Timeline.Editor.csproj", "{ab1caa7b-e8a8-ef28-3bd8-b8ba1e4ca556}"
EndProject
Project("{FAE04EC0-301F-11D3-BF4B-00C04F79EFBC}") = "Unity.ProBuilder.Editor", "Unity.ProBuilder.Editor.csproj", "{0b8ba629-a275-1f18-2970-90f158aa7ea7}"
EndProject
Project("{FAE04EC0-301F-11D3-BF4B-00C04F79EFBC}") = "Unity.VisualEffectGraph.Editor", "Unity.VisualEffectGraph.Editor.csproj", "{1e9bbbd1-6a1a-aa09-d916-3f55ad7bf569}"
EndProject
Project("{FAE04EC0-301F-11D3-BF4B-00C04F79EFBC}") = "com.unity.cinemachine.editor", "com.unity.cinemachine.editor.csproj", "{30db1831-b0bb-41c0-de74-08cdbae8ca8d}"
EndProject
Project("{FAE04EC0-301F-11D3-BF4B-00C04F79EFBC}") = "PhotonUnityNetworking.Editor", "PhotonUnityNetworking.Editor.csproj", "{9f2e98dc-ec3c-5d39-81b8-69cd4dcf16a6}"
EndProject
Project("{FAE04EC0-301F-11D3-BF4B-00C04F79EFBC}") = "Unity.TextMeshPro.Editor", "Unity.TextMeshPro.Editor.csproj", "{0611b66b-7aac-1671-f817-a6cf9318bdf8}"
EndProject
Project("{FAE04EC0-301F-11D3-BF4B-00C04F79EFBC}") = "Unity.VisualScripting.SettingsProvider.Editor", "Unity.VisualScripting.SettingsProvider.Editor.csproj", "{62d1d001-09c0-c8a7-4000-cde27afff741}"
EndProject
Project("{FAE04EC0-301F-11D3-BF4B-00C04F79EFBC}") = "Unity.RenderPipelines.HighDefinition.Editor", "Unity.RenderPipelines.HighDefinition.Editor.csproj", "{5e697ac1-288b-79df-7007-19086a5a3510}"
EndProject
Project("{FAE04EC0-301F-11D3-BF4B-00C04F79EFBC}") = "UnityEditor.TestRunner", "UnityEditor.TestRunner.csproj", "{421e944b-f7f9-2986-3999-b30386e52467}"
EndProject
Project("{FAE04EC0-301F-11D3-BF4B-00C04F79EFBC}") = "Unity.TestTools.CodeCoverage.Editor", "Unity.TestTools.CodeCoverage.Editor.csproj", "{0ab0a9f1-ceca-702d-723f-5a92b8927a91}"
EndProject
Project("{FAE04EC0-301F-11D3-BF4B-00C04F79EFBC}") = "Unity.VisualScripting.Flow.Editor", "Unity.VisualScripting.Flow.Editor.csproj", "{4b3e4182-877a-bf84-e42d-00bc2f82be63}"
EndProject
Project("{FAE04EC0-301F-11D3-BF4B-00C04F79EFBC}") = "Unity.Rider.Editor", "Unity.Rider.Editor.csproj", "{02faac12-6d2f-3d47-cf40-8b2145c8ba64}"
EndProject
Project("{FAE04EC0-301F-11D3-BF4B-00C04F79EFBC}") = "Unity.CollabProxy.Editor", "Unity.CollabProxy.Editor.csproj", "{a16e7012-01fd-61f6-8e84-956fd859fc2a}"
EndProject
Project("{FAE04EC0-301F-11D3-BF4B-00C04F79EFBC}") = "Unity.Performance.Profile-Analyzer.Editor", "Unity.Performance.Profile-Analyzer.Editor.csproj", "{a316d334-d402-8b5b-e4f4-a21b25c56cac}"
EndProject
Project("{FAE04EC0-301F-11D3-BF4B-00C04F79EFBC}") = "Unity.RenderPipelines.Core.Editor", "Unity.RenderPipelines.Core.Editor.csproj", "{a48e8241-7d6e-6a99-2f70-c78f869c8506}"
EndProject
Project("{FAE04EC0-301F-11D3-BF4B-00C04F79EFBC}") = "Unity.Services.Core.Editor", "Unity.Services.Core.Editor.csproj", "{804fe9a9-ba64-267e-9a23-94b02605a3d5}"
EndProject
Project("{FAE04EC0-301F-11D3-BF4B-00C04F79EFBC}") = "Unity.Postprocessing.Editor", "Unity.Postprocessing.Editor.csproj", "{5aa46e54-7a2a-8bba-6b5d-3ee7ea06b9c7}"
EndProject
Project("{FAE04EC0-301F-11D3-BF4B-00C04F79EFBC}") = "Unity.SysrootPackage.Editor", "Unity.SysrootPackage.Editor.csproj", "{3ff8ed19-2494-44b7-aa29-7edcfcb748a0}"
EndProject
Project("{FAE04EC0-301F-11D3-BF4B-00C04F79EFBC}") = "Unity.Burst.CodeGen", "Unity.Burst.CodeGen.csproj", "{d759fcea-0aaa-cfde-71a2-1f14a73da6b0}"
EndProject
Project("{FAE04EC0-301F-11D3-BF4B-00C04F79EFBC}") = "Unity.Toolchain.Win-x86_64-Linux-x86_64", "Unity.Toolchain.Win-x86_64-Linux-x86_64.csproj", "{8cc2048e-1ab5-7182-1ad9-fa41c4c901a3}"
EndProject
Project("{FAE04EC0-301F-11D3-BF4B-00C04F79EFBC}") = "Unity.VSCode.Editor", "Unity.VSCode.Editor.csproj", "{b8028fdb-5527-dfd5-27bd-77f99926cb3c}"
EndProject
Project("{FAE04EC0-301F-11D3-BF4B-00C04F79EFBC}") = "Unity.VisualStudio.Editor", "Unity.VisualStudio.Editor.csproj", "{bf886cf1-68f1-8dc9-e4ed-2ec95d379280}"
EndProject
Project("{FAE04EC0-301F-11D3-BF4B-00C04F79EFBC}") = "Assembly-CSharp-Editor", "Assembly-CSharp-Editor.csproj", "{660b41d7-e466-6d0c-653b-51ad931e8fba}"
EndProject
Project("{FAE04EC0-301F-11D3-BF4B-00C04F79EFBC}") = "PlayFabEditorExtensions", "PlayFabEditorExtensions.csproj", "{fa7fed3a-4452-3c86-6ec6-0ac60823472d}"
EndProject
Project("{FAE04EC0-301F-11D3-BF4B-00C04F79EFBC}") = "Unity.TestTools.CodeCoverage.Editor.OpenCover.Model", "Unity.TestTools.CodeCoverage.Editor.OpenCover.Model.csproj", "{9d7d002c-752f-61b8-f7ed-ba8ba82181bb}"
EndProject
Project("{FAE04EC0-301F-11D3-BF4B-00C04F79EFBC}") = "Unity.Settings.Editor", "Unity.Settings.Editor.csproj", "{62bcca7a-84db-0f8b-0921-f4e3fb43c9df}"
EndProject
Project("{FAE04EC0-301F-11D3-BF4B-00C04F79EFBC}") = "Unity.2D.Sprite.Editor", "Unity.2D.Sprite.Editor.csproj", "{6d24e86a-d080-1195-c105-9bea5af2aa51}"
EndProject
Project("{FAE04EC0-301F-11D3-BF4B-00C04F79EFBC}") = "Unity.Animation.Rigging.Editor", "Unity.Animation.Rigging.Editor.csproj", "{7cf61c62-7aaa-2993-9b91-4e8955cfd0ea}"
EndProject
Project("{FAE04EC0-301F-11D3-BF4B-00C04F79EFBC}") = "PhotonUnityNetworking.Utilities.PhotonPlayer.Editor", "PhotonUnityNetworking.Utilities.PhotonPlayer.Editor.csproj", "{db611022-e045-d582-495b-b31804d0a600}"
EndProject
Project("{FAE04EC0-301F-11D3-BF4B-00C04F79EFBC}") = "Unity.VisualScripting.State.Editor", "Unity.VisualScripting.State.Editor.csproj", "{af0cba37-0728-e35c-cd29-f1aa4e1cde46}"
EndProject
Project("{FAE04EC0-301F-11D3-BF4B-00C04F79EFBC}") = "UnityEditor.UI", "UnityEditor.UI.csproj", "{28e3ced7-89da-8459-8595-127ebeb46b8a}"
EndProject
Project("{FAE04EC0-301F-11D3-BF4B-00C04F79EFBC}") = "Unity.Searcher.Editor", "Unity.Searcher.Editor.csproj", "{05e10cfb-d65d-947f-66ec-2c454b2f9b7c}"
EndProject
Project("{FAE04EC0-301F-11D3-BF4B-00C04F79EFBC}") = "Unity.Services.Core.Configuration.Editor", "Unity.Services.Core.Configuration.Editor.csproj", "{3b01c029-7e76-b741-e9e7-7508d55b7155}"
EndProject
Project("{FAE04EC0-301F-11D3-BF4B-00C04F79EFBC}") = "Unity.Burst.Editor", "Unity.Burst.Editor.csproj", "{bf8ecbd6-9586-f9b8-f023-728148bef760}"
EndProject
Project("{FAE04EC0-301F-11D3-BF4B-00C04F79EFBC}") = "Unity.ProBuilder.AssetIdRemapUtility", "Unity.ProBuilder.AssetIdRemapUtility.csproj", "{b3b31d30-f97e-b420-060e-a90f67ee930e}"
EndProject
Project("{FAE04EC0-301F-11D3-BF4B-00C04F79EFBC}") = "Unity.ShaderGraph.Utilities", "Unity.ShaderGraph.Utilities.csproj", "{d84e31d3-43dd-a2f0-45d3-9846f41a71df}"
EndProject
Project("{FAE04EC0-301F-11D3-BF4B-00C04F79EFBC}") = "Unity.Sysroot.Linux_x86_64", "Unity.Sysroot.Linux_x86_64.csproj", "{76608c29-60e7-d3ad-f653-ed26b5da951c}"
EndProject
Project("{FAE04EC0-301F-11D3-BF4B-00C04F79EFBC}") = "NavMeshComponentsTestsEditmode", "NavMeshComponentsTestsEditmode.csproj", "{9f12084e-c260-fff9-9906-313642450ef3}"
EndProject
Project("{FAE04EC0-301F-11D3-BF4B-00C04F79EFBC}") = "Unity.Mathematics.Editor", "Unity.Mathematics.Editor.csproj", "{5f280f58-841e-2353-a4ee-ed4db7df0fbc}"
EndProject
Project("{FAE04EC0-301F-11D3-BF4B-00C04F79EFBC}") = "Unity.TestTools.CodeCoverage.Editor.OpenCover.Mono.Reflection", "Unity.TestTools.CodeCoverage.Editor.OpenCover.Mono.Reflection.csproj", "{6a35817b-fd90-8298-28ac-4f69a9cc9bae}"
EndProject
Project("{FAE04EC0-301F-11D3-BF4B-00C04F79EFBC}") = "Unity.ProBuilder.AddOns.Editor", "Unity.ProBuilder.AddOns.Editor.csproj", "{5ca7b878-35b1-b7cb-6c7d-5a61b0e00ce1}"
EndProject
Project("{FAE04EC0-301F-11D3-BF4B-00C04F79EFBC}") = "NavMeshComponentsEditor", "NavMeshComponentsEditor.csproj", "{f24d69ff-77e6-ff3b-e223-ff212c5fe6fb}"
EndProject
Project("{FAE04EC0-301F-11D3-BF4B-00C04F79EFBC}") = "Unity.EditorCoroutines.Editor", "Unity.EditorCoroutines.Editor.csproj", "{ed2fcdde-af3b-9ecb-5739-d307c4c291a2}"
EndProject
Project("{FAE04EC0-301F-11D3-BF4B-00C04F79EFBC}") = "sc.terrain.painter.editor", "sc.terrain.painter.editor.csproj", "{9e3b9d34-1873-56bb-7625-e43cac5617c2}"
EndProject
Project("{FAE04EC0-301F-11D3-BF4B-00C04F79EFBC}") = "PunDemos.DemoSlotcarEditor", "PunDemos.DemoSlotcarEditor.csproj", "{1e7f03de-92dc-b385-5e92-867cdc8dd23e}"
EndProject
Project("{FAE04EC0-301F-11D3-BF4B-00C04F79EFBC}") = "Autodesk.Fbx.Editor", "Autodesk.Fbx.Editor.csproj", "{5e1ed277-dca3-db23-da3e-92893a935ac5}"
EndProject
Project("{FAE04EC0-301F-11D3-BF4B-00C04F79EFBC}") = "PhotonUnityNetworking.Utilities.Culling.Editor", "PhotonUnityNetworking.Utilities.Culling.Editor.csproj", "{8f76bb8b-687f-f467-5676-cf7d0d675ce5}"
EndProject
Project("{FAE04EC0-301F-11D3-BF4B-00C04F79EFBC}") = "PunDemos.DemoHubEditor", "PunDemos.DemoHubEditor.csproj", "{47db89c5-d241-cc92-f131-5844e31856ba}"
EndProject
Project("{FAE04EC0-301F-11D3-BF4B-00C04F79EFBC}") = "PlayFabSDKEditor", "PlayFabSDKEditor.csproj", "{223b3c30-9bc5-0305-162f-955125d04be7}"
EndProject
Project("{FAE04EC0-301F-11D3-BF4B-00C04F79EFBC}") = "Unity.VisualScripting.Shared.Editor", "Unity.VisualScripting.Shared.Editor.csproj", "{7cbac27d-1305-1259-e8f9-fe64d608ca2b}"
EndProject
Project("{FAE04EC0-301F-11D3-BF4B-00C04F79EFBC}") = "NavMeshComponentsExamplesEditor", "NavMeshComponentsExamplesEditor.csproj", "{2e68f26c-5765-93f8-7905-7532479d0a30}"
EndProject
Global
	GlobalSection(SolutionConfigurationPlatforms) = preSolution
		Debug|Any CPU = Debug|Any CPU
	EndGlobalSection
	GlobalSection(ProjectConfigurationPlatforms) = postSolution
		{a0a6eeb7-013e-abb8-a2ae-030f992e28bb}.Debug|Any CPU.ActiveCfg = Debug|Any CPU
		{a0a6eeb7-013e-abb8-a2ae-030f992e28bb}.Debug|Any CPU.Build.0 = Debug|Any CPU
		{9ffd4f79-e782-fbd5-699d-c5197b36790d}.Debug|Any CPU.ActiveCfg = Debug|Any CPU
		{9ffd4f79-e782-fbd5-699d-c5197b36790d}.Debug|Any CPU.Build.0 = Debug|Any CPU
		{3f2b13d4-3a07-b085-3298-1addf579f448}.Debug|Any CPU.ActiveCfg = Debug|Any CPU
		{3f2b13d4-3a07-b085-3298-1addf579f448}.Debug|Any CPU.Build.0 = Debug|Any CPU
		{c8abd231-8a18-bdb3-2432-e389d4b0fe65}.Debug|Any CPU.ActiveCfg = Debug|Any CPU
		{c8abd231-8a18-bdb3-2432-e389d4b0fe65}.Debug|Any CPU.Build.0 = Debug|Any CPU
		{abadbcf9-976e-3bcb-041a-c1c4348c6c11}.Debug|Any CPU.ActiveCfg = Debug|Any CPU
		{abadbcf9-976e-3bcb-041a-c1c4348c6c11}.Debug|Any CPU.Build.0 = Debug|Any CPU
		{8c73248a-d1fd-d91b-5589-a9d2338a71d2}.Debug|Any CPU.ActiveCfg = Debug|Any CPU
		{8c73248a-d1fd-d91b-5589-a9d2338a71d2}.Debug|Any CPU.Build.0 = Debug|Any CPU
		{fc13e4cb-eb97-0fd6-6bc7-5045285fc189}.Debug|Any CPU.ActiveCfg = Debug|Any CPU
		{fc13e4cb-eb97-0fd6-6bc7-5045285fc189}.Debug|Any CPU.Build.0 = Debug|Any CPU
		{273fe8df-0cdf-e8df-63d4-5e6372b1dba4}.Debug|Any CPU.ActiveCfg = Debug|Any CPU
		{273fe8df-0cdf-e8df-63d4-5e6372b1dba4}.Debug|Any CPU.Build.0 = Debug|Any CPU
		{e98c67b6-ebcf-a044-88da-7af1a8bb7b78}.Debug|Any CPU.ActiveCfg = Debug|Any CPU
		{e98c67b6-ebcf-a044-88da-7af1a8bb7b78}.Debug|Any CPU.Build.0 = Debug|Any CPU
		{61c9fc5f-768e-f17c-3f83-5e89a8a48938}.Debug|Any CPU.ActiveCfg = Debug|Any CPU
		{61c9fc5f-768e-f17c-3f83-5e89a8a48938}.Debug|Any CPU.Build.0 = Debug|Any CPU
		{f873a56a-16db-70c2-b176-8f4a11dceb30}.Debug|Any CPU.ActiveCfg = Debug|Any CPU
		{f873a56a-16db-70c2-b176-8f4a11dceb30}.Debug|Any CPU.Build.0 = Debug|Any CPU
		{e27587ee-a234-cc62-2a73-cda72285ed1d}.Debug|Any CPU.ActiveCfg = Debug|Any CPU
		{e27587ee-a234-cc62-2a73-cda72285ed1d}.Debug|Any CPU.Build.0 = Debug|Any CPU
		{21800da4-dfce-aa9b-c89d-b4f0a3ffa988}.Debug|Any CPU.ActiveCfg = Debug|Any CPU
		{21800da4-dfce-aa9b-c89d-b4f0a3ffa988}.Debug|Any CPU.Build.0 = Debug|Any CPU
		{38cce27e-23e3-46c7-2a37-fd3f2e692314}.Debug|Any CPU.ActiveCfg = Debug|Any CPU
		{38cce27e-23e3-46c7-2a37-fd3f2e692314}.Debug|Any CPU.Build.0 = Debug|Any CPU
		{91c170dd-b486-f754-f292-59de4d55cb9d}.Debug|Any CPU.ActiveCfg = Debug|Any CPU
		{91c170dd-b486-f754-f292-59de4d55cb9d}.Debug|Any CPU.Build.0 = Debug|Any CPU
		{57a150f0-3a65-b239-f5a1-76fc2b8cfe4c}.Debug|Any CPU.ActiveCfg = Debug|Any CPU
		{57a150f0-3a65-b239-f5a1-76fc2b8cfe4c}.Debug|Any CPU.Build.0 = Debug|Any CPU
		{72e509ad-3199-e0f9-3e7e-9b751b6c5436}.Debug|Any CPU.ActiveCfg = Debug|Any CPU
		{72e509ad-3199-e0f9-3e7e-9b751b6c5436}.Debug|Any CPU.Build.0 = Debug|Any CPU
		{4375bcab-e2ea-35b4-55ed-8548155aa48d}.Debug|Any CPU.ActiveCfg = Debug|Any CPU
		{4375bcab-e2ea-35b4-55ed-8548155aa48d}.Debug|Any CPU.Build.0 = Debug|Any CPU
		{38db5090-f52b-a872-c592-15c2cc611cfe}.Debug|Any CPU.ActiveCfg = Debug|Any CPU
		{38db5090-f52b-a872-c592-15c2cc611cfe}.Debug|Any CPU.Build.0 = Debug|Any CPU
		{fc3f4318-c54f-f315-342e-7e9ac6d72f40}.Debug|Any CPU.ActiveCfg = Debug|Any CPU
		{fc3f4318-c54f-f315-342e-7e9ac6d72f40}.Debug|Any CPU.Build.0 = Debug|Any CPU
		{03ecc1e1-b933-6a5e-16b4-42ef90536bc4}.Debug|Any CPU.ActiveCfg = Debug|Any CPU
		{03ecc1e1-b933-6a5e-16b4-42ef90536bc4}.Debug|Any CPU.Build.0 = Debug|Any CPU
		{88e49665-a01f-fb1c-3f3e-bb41e90f8f4f}.Debug|Any CPU.ActiveCfg = Debug|Any CPU
		{88e49665-a01f-fb1c-3f3e-bb41e90f8f4f}.Debug|Any CPU.Build.0 = Debug|Any CPU
		{9658a171-260a-a820-6b50-1e5325c27ada}.Debug|Any CPU.ActiveCfg = Debug|Any CPU
		{9658a171-260a-a820-6b50-1e5325c27ada}.Debug|Any CPU.Build.0 = Debug|Any CPU
		{a4a9a048-2038-aa9a-204d-651cac3c8e93}.Debug|Any CPU.ActiveCfg = Debug|Any CPU
		{a4a9a048-2038-aa9a-204d-651cac3c8e93}.Debug|Any CPU.Build.0 = Debug|Any CPU
		{7fdfeb75-c173-96c6-35c6-8c02fc930afd}.Debug|Any CPU.ActiveCfg = Debug|Any CPU
		{7fdfeb75-c173-96c6-35c6-8c02fc930afd}.Debug|Any CPU.Build.0 = Debug|Any CPU
		{3df8c1ed-ef1e-bc9c-f8f7-59414708fc94}.Debug|Any CPU.ActiveCfg = Debug|Any CPU
		{3df8c1ed-ef1e-bc9c-f8f7-59414708fc94}.Debug|Any CPU.Build.0 = Debug|Any CPU
		{800dc333-2f7c-db34-3b65-9e82437782bd}.Debug|Any CPU.ActiveCfg = Debug|Any CPU
		{800dc333-2f7c-db34-3b65-9e82437782bd}.Debug|Any CPU.Build.0 = Debug|Any CPU
		{c850a223-e120-5251-7f41-7bc25685b1f9}.Debug|Any CPU.ActiveCfg = Debug|Any CPU
		{c850a223-e120-5251-7f41-7bc25685b1f9}.Debug|Any CPU.Build.0 = Debug|Any CPU
		{762881ad-6cd7-b9c7-281b-5af9c9574903}.Debug|Any CPU.ActiveCfg = Debug|Any CPU
		{762881ad-6cd7-b9c7-281b-5af9c9574903}.Debug|Any CPU.Build.0 = Debug|Any CPU
		{a543adaf-2ea5-a4ad-e79a-b044cee5786f}.Debug|Any CPU.ActiveCfg = Debug|Any CPU
		{a543adaf-2ea5-a4ad-e79a-b044cee5786f}.Debug|Any CPU.Build.0 = Debug|Any CPU
		{84b5ef78-350e-fd0b-a9df-5cf471660c8b}.Debug|Any CPU.ActiveCfg = Debug|Any CPU
		{84b5ef78-350e-fd0b-a9df-5cf471660c8b}.Debug|Any CPU.Build.0 = Debug|Any CPU
		{669ae844-3a20-d1c3-162e-eb94e6063e61}.Debug|Any CPU.ActiveCfg = Debug|Any CPU
		{669ae844-3a20-d1c3-162e-eb94e6063e61}.Debug|Any CPU.Build.0 = Debug|Any CPU
		{55188633-4ccc-df35-3d55-62947ae2bec0}.Debug|Any CPU.ActiveCfg = Debug|Any CPU
		{55188633-4ccc-df35-3d55-62947ae2bec0}.Debug|Any CPU.Build.0 = Debug|Any CPU
		{4af982fd-f34d-7d58-959f-8764277b23c0}.Debug|Any CPU.ActiveCfg = Debug|Any CPU
		{4af982fd-f34d-7d58-959f-8764277b23c0}.Debug|Any CPU.Build.0 = Debug|Any CPU
		{f63e1114-7d43-6aab-5fa3-2d2184606299}.Debug|Any CPU.ActiveCfg = Debug|Any CPU
		{f63e1114-7d43-6aab-5fa3-2d2184606299}.Debug|Any CPU.Build.0 = Debug|Any CPU
		{5de2ace4-0050-9306-1c45-0266c5054260}.Debug|Any CPU.ActiveCfg = Debug|Any CPU
		{5de2ace4-0050-9306-1c45-0266c5054260}.Debug|Any CPU.Build.0 = Debug|Any CPU
		{8a512b06-cc06-fdb9-148b-c1df64b87389}.Debug|Any CPU.ActiveCfg = Debug|Any CPU
		{8a512b06-cc06-fdb9-148b-c1df64b87389}.Debug|Any CPU.Build.0 = Debug|Any CPU
		{e1e975ac-35ef-6400-f180-8dc847fcb6d9}.Debug|Any CPU.ActiveCfg = Debug|Any CPU
		{e1e975ac-35ef-6400-f180-8dc847fcb6d9}.Debug|Any CPU.Build.0 = Debug|Any CPU
		{1e299bd3-22a1-98ba-ab0a-3dfb586cd54c}.Debug|Any CPU.ActiveCfg = Debug|Any CPU
		{1e299bd3-22a1-98ba-ab0a-3dfb586cd54c}.Debug|Any CPU.Build.0 = Debug|Any CPU
		{f015440f-dcbf-c8bb-18d0-ee1f2143b94a}.Debug|Any CPU.ActiveCfg = Debug|Any CPU
		{f015440f-dcbf-c8bb-18d0-ee1f2143b94a}.Debug|Any CPU.Build.0 = Debug|Any CPU
		{bae505ae-ed51-3911-a3df-09e8d0a55973}.Debug|Any CPU.ActiveCfg = Debug|Any CPU
		{bae505ae-ed51-3911-a3df-09e8d0a55973}.Debug|Any CPU.Build.0 = Debug|Any CPU
		{84a1fa7c-9d1b-b04c-531d-b74852ae3fad}.Debug|Any CPU.ActiveCfg = Debug|Any CPU
		{84a1fa7c-9d1b-b04c-531d-b74852ae3fad}.Debug|Any CPU.Build.0 = Debug|Any CPU
		{911875a5-4412-b2eb-cc94-289416d7d47b}.Debug|Any CPU.ActiveCfg = Debug|Any CPU
		{911875a5-4412-b2eb-cc94-289416d7d47b}.Debug|Any CPU.Build.0 = Debug|Any CPU
		{dc5b5944-156e-55bd-4177-5e1b12fd6621}.Debug|Any CPU.ActiveCfg = Debug|Any CPU
		{dc5b5944-156e-55bd-4177-5e1b12fd6621}.Debug|Any CPU.Build.0 = Debug|Any CPU
		{d17911da-db53-2df3-39f4-8d29e1ee9888}.Debug|Any CPU.ActiveCfg = Debug|Any CPU
		{d17911da-db53-2df3-39f4-8d29e1ee9888}.Debug|Any CPU.Build.0 = Debug|Any CPU
		{4c7c409c-6e9e-ef51-2ef7-7cc1b55447b8}.Debug|Any CPU.ActiveCfg = Debug|Any CPU
		{4c7c409c-6e9e-ef51-2ef7-7cc1b55447b8}.Debug|Any CPU.Build.0 = Debug|Any CPU
		{9bdcb36d-c147-37a6-5f55-caaa0335cdc2}.Debug|Any CPU.ActiveCfg = Debug|Any CPU
		{9bdcb36d-c147-37a6-5f55-caaa0335cdc2}.Debug|Any CPU.Build.0 = Debug|Any CPU
		{07f594d9-9da5-2c8a-ad8b-5eba5614f741}.Debug|Any CPU.ActiveCfg = Debug|Any CPU
		{07f594d9-9da5-2c8a-ad8b-5eba5614f741}.Debug|Any CPU.Build.0 = Debug|Any CPU
		{802f1b0b-00c2-035f-6117-c4385cac607a}.Debug|Any CPU.ActiveCfg = Debug|Any CPU
		{802f1b0b-00c2-035f-6117-c4385cac607a}.Debug|Any CPU.Build.0 = Debug|Any CPU
		{cd9c8b61-6813-babc-a40d-b5e1bfa6bcf2}.Debug|Any CPU.ActiveCfg = Debug|Any CPU
		{cd9c8b61-6813-babc-a40d-b5e1bfa6bcf2}.Debug|Any CPU.Build.0 = Debug|Any CPU
		{76b65236-bba7-1c49-3529-052f3f40a9cd}.Debug|Any CPU.ActiveCfg = Debug|Any CPU
		{76b65236-bba7-1c49-3529-052f3f40a9cd}.Debug|Any CPU.Build.0 = Debug|Any CPU
		{660051ea-1323-42a2-0758-e2e3d2eed076}.Debug|Any CPU.ActiveCfg = Debug|Any CPU
		{660051ea-1323-42a2-0758-e2e3d2eed076}.Debug|Any CPU.Build.0 = Debug|Any CPU
		{e9fa3319-f0ef-953c-5c8a-6951fac03f81}.Debug|Any CPU.ActiveCfg = Debug|Any CPU
		{e9fa3319-f0ef-953c-5c8a-6951fac03f81}.Debug|Any CPU.Build.0 = Debug|Any CPU
		{c8979ccd-8a1e-e50f-d602-28e0a769fe5a}.Debug|Any CPU.ActiveCfg = Debug|Any CPU
		{c8979ccd-8a1e-e50f-d602-28e0a769fe5a}.Debug|Any CPU.Build.0 = Debug|Any CPU
		{a955ada6-8bd7-ee9f-2d18-450a4d316c11}.Debug|Any CPU.ActiveCfg = Debug|Any CPU
		{a955ada6-8bd7-ee9f-2d18-450a4d316c11}.Debug|Any CPU.Build.0 = Debug|Any CPU
		{a8cfded1-a67b-3dd7-8e85-07a882d7cff0}.Debug|Any CPU.ActiveCfg = Debug|Any CPU
		{a8cfded1-a67b-3dd7-8e85-07a882d7cff0}.Debug|Any CPU.Build.0 = Debug|Any CPU
		{decf9432-92d8-349a-fd64-cc52065cd0c3}.Debug|Any CPU.ActiveCfg = Debug|Any CPU
		{decf9432-92d8-349a-fd64-cc52065cd0c3}.Debug|Any CPU.Build.0 = Debug|Any CPU
		{252c8d30-929d-5d6c-a64c-34b63270a66a}.Debug|Any CPU.ActiveCfg = Debug|Any CPU
		{252c8d30-929d-5d6c-a64c-34b63270a66a}.Debug|Any CPU.Build.0 = Debug|Any CPU
		{ab1caa7b-e8a8-ef28-3bd8-b8ba1e4ca556}.Debug|Any CPU.ActiveCfg = Debug|Any CPU
		{ab1caa7b-e8a8-ef28-3bd8-b8ba1e4ca556}.Debug|Any CPU.Build.0 = Debug|Any CPU
		{0b8ba629-a275-1f18-2970-90f158aa7ea7}.Debug|Any CPU.ActiveCfg = Debug|Any CPU
		{0b8ba629-a275-1f18-2970-90f158aa7ea7}.Debug|Any CPU.Build.0 = Debug|Any CPU
		{1e9bbbd1-6a1a-aa09-d916-3f55ad7bf569}.Debug|Any CPU.ActiveCfg = Debug|Any CPU
		{1e9bbbd1-6a1a-aa09-d916-3f55ad7bf569}.Debug|Any CPU.Build.0 = Debug|Any CPU
		{30db1831-b0bb-41c0-de74-08cdbae8ca8d}.Debug|Any CPU.ActiveCfg = Debug|Any CPU
		{30db1831-b0bb-41c0-de74-08cdbae8ca8d}.Debug|Any CPU.Build.0 = Debug|Any CPU
		{9f2e98dc-ec3c-5d39-81b8-69cd4dcf16a6}.Debug|Any CPU.ActiveCfg = Debug|Any CPU
		{9f2e98dc-ec3c-5d39-81b8-69cd4dcf16a6}.Debug|Any CPU.Build.0 = Debug|Any CPU
		{0611b66b-7aac-1671-f817-a6cf9318bdf8}.Debug|Any CPU.ActiveCfg = Debug|Any CPU
		{0611b66b-7aac-1671-f817-a6cf9318bdf8}.Debug|Any CPU.Build.0 = Debug|Any CPU
		{62d1d001-09c0-c8a7-4000-cde27afff741}.Debug|Any CPU.ActiveCfg = Debug|Any CPU
		{62d1d001-09c0-c8a7-4000-cde27afff741}.Debug|Any CPU.Build.0 = Debug|Any CPU
		{5e697ac1-288b-79df-7007-19086a5a3510}.Debug|Any CPU.ActiveCfg = Debug|Any CPU
		{5e697ac1-288b-79df-7007-19086a5a3510}.Debug|Any CPU.Build.0 = Debug|Any CPU
		{421e944b-f7f9-2986-3999-b30386e52467}.Debug|Any CPU.ActiveCfg = Debug|Any CPU
		{421e944b-f7f9-2986-3999-b30386e52467}.Debug|Any CPU.Build.0 = Debug|Any CPU
		{0ab0a9f1-ceca-702d-723f-5a92b8927a91}.Debug|Any CPU.ActiveCfg = Debug|Any CPU
		{0ab0a9f1-ceca-702d-723f-5a92b8927a91}.Debug|Any CPU.Build.0 = Debug|Any CPU
		{4b3e4182-877a-bf84-e42d-00bc2f82be63}.Debug|Any CPU.ActiveCfg = Debug|Any CPU
		{4b3e4182-877a-bf84-e42d-00bc2f82be63}.Debug|Any CPU.Build.0 = Debug|Any CPU
		{02faac12-6d2f-3d47-cf40-8b2145c8ba64}.Debug|Any CPU.ActiveCfg = Debug|Any CPU
		{02faac12-6d2f-3d47-cf40-8b2145c8ba64}.Debug|Any CPU.Build.0 = Debug|Any CPU
		{a16e7012-01fd-61f6-8e84-956fd859fc2a}.Debug|Any CPU.ActiveCfg = Debug|Any CPU
		{a16e7012-01fd-61f6-8e84-956fd859fc2a}.Debug|Any CPU.Build.0 = Debug|Any CPU
		{a316d334-d402-8b5b-e4f4-a21b25c56cac}.Debug|Any CPU.ActiveCfg = Debug|Any CPU
		{a316d334-d402-8b5b-e4f4-a21b25c56cac}.Debug|Any CPU.Build.0 = Debug|Any CPU
		{a48e8241-7d6e-6a99-2f70-c78f869c8506}.Debug|Any CPU.ActiveCfg = Debug|Any CPU
		{a48e8241-7d6e-6a99-2f70-c78f869c8506}.Debug|Any CPU.Build.0 = Debug|Any CPU
		{804fe9a9-ba64-267e-9a23-94b02605a3d5}.Debug|Any CPU.ActiveCfg = Debug|Any CPU
		{804fe9a9-ba64-267e-9a23-94b02605a3d5}.Debug|Any CPU.Build.0 = Debug|Any CPU
		{5aa46e54-7a2a-8bba-6b5d-3ee7ea06b9c7}.Debug|Any CPU.ActiveCfg = Debug|Any CPU
		{5aa46e54-7a2a-8bba-6b5d-3ee7ea06b9c7}.Debug|Any CPU.Build.0 = Debug|Any CPU
		{3ff8ed19-2494-44b7-aa29-7edcfcb748a0}.Debug|Any CPU.ActiveCfg = Debug|Any CPU
		{3ff8ed19-2494-44b7-aa29-7edcfcb748a0}.Debug|Any CPU.Build.0 = Debug|Any CPU
		{d759fcea-0aaa-cfde-71a2-1f14a73da6b0}.Debug|Any CPU.ActiveCfg = Debug|Any CPU
		{d759fcea-0aaa-cfde-71a2-1f14a73da6b0}.Debug|Any CPU.Build.0 = Debug|Any CPU
		{8cc2048e-1ab5-7182-1ad9-fa41c4c901a3}.Debug|Any CPU.ActiveCfg = Debug|Any CPU
		{8cc2048e-1ab5-7182-1ad9-fa41c4c901a3}.Debug|Any CPU.Build.0 = Debug|Any CPU
		{b8028fdb-5527-dfd5-27bd-77f99926cb3c}.Debug|Any CPU.ActiveCfg = Debug|Any CPU
		{b8028fdb-5527-dfd5-27bd-77f99926cb3c}.Debug|Any CPU.Build.0 = Debug|Any CPU
		{bf886cf1-68f1-8dc9-e4ed-2ec95d379280}.Debug|Any CPU.ActiveCfg = Debug|Any CPU
		{bf886cf1-68f1-8dc9-e4ed-2ec95d379280}.Debug|Any CPU.Build.0 = Debug|Any CPU
		{660b41d7-e466-6d0c-653b-51ad931e8fba}.Debug|Any CPU.ActiveCfg = Debug|Any CPU
		{660b41d7-e466-6d0c-653b-51ad931e8fba}.Debug|Any CPU.Build.0 = Debug|Any CPU
		{fa7fed3a-4452-3c86-6ec6-0ac60823472d}.Debug|Any CPU.ActiveCfg = Debug|Any CPU
		{fa7fed3a-4452-3c86-6ec6-0ac60823472d}.Debug|Any CPU.Build.0 = Debug|Any CPU
		{9d7d002c-752f-61b8-f7ed-ba8ba82181bb}.Debug|Any CPU.ActiveCfg = Debug|Any CPU
		{9d7d002c-752f-61b8-f7ed-ba8ba82181bb}.Debug|Any CPU.Build.0 = Debug|Any CPU
		{62bcca7a-84db-0f8b-0921-f4e3fb43c9df}.Debug|Any CPU.ActiveCfg = Debug|Any CPU
		{62bcca7a-84db-0f8b-0921-f4e3fb43c9df}.Debug|Any CPU.Build.0 = Debug|Any CPU
		{6d24e86a-d080-1195-c105-9bea5af2aa51}.Debug|Any CPU.ActiveCfg = Debug|Any CPU
		{6d24e86a-d080-1195-c105-9bea5af2aa51}.Debug|Any CPU.Build.0 = Debug|Any CPU
		{7cf61c62-7aaa-2993-9b91-4e8955cfd0ea}.Debug|Any CPU.ActiveCfg = Debug|Any CPU
		{7cf61c62-7aaa-2993-9b91-4e8955cfd0ea}.Debug|Any CPU.Build.0 = Debug|Any CPU
		{db611022-e045-d582-495b-b31804d0a600}.Debug|Any CPU.ActiveCfg = Debug|Any CPU
		{db611022-e045-d582-495b-b31804d0a600}.Debug|Any CPU.Build.0 = Debug|Any CPU
		{af0cba37-0728-e35c-cd29-f1aa4e1cde46}.Debug|Any CPU.ActiveCfg = Debug|Any CPU
		{af0cba37-0728-e35c-cd29-f1aa4e1cde46}.Debug|Any CPU.Build.0 = Debug|Any CPU
		{28e3ced7-89da-8459-8595-127ebeb46b8a}.Debug|Any CPU.ActiveCfg = Debug|Any CPU
		{28e3ced7-89da-8459-8595-127ebeb46b8a}.Debug|Any CPU.Build.0 = Debug|Any CPU
		{05e10cfb-d65d-947f-66ec-2c454b2f9b7c}.Debug|Any CPU.ActiveCfg = Debug|Any CPU
		{05e10cfb-d65d-947f-66ec-2c454b2f9b7c}.Debug|Any CPU.Build.0 = Debug|Any CPU
		{3b01c029-7e76-b741-e9e7-7508d55b7155}.Debug|Any CPU.ActiveCfg = Debug|Any CPU
		{3b01c029-7e76-b741-e9e7-7508d55b7155}.Debug|Any CPU.Build.0 = Debug|Any CPU
		{bf8ecbd6-9586-f9b8-f023-728148bef760}.Debug|Any CPU.ActiveCfg = Debug|Any CPU
		{bf8ecbd6-9586-f9b8-f023-728148bef760}.Debug|Any CPU.Build.0 = Debug|Any CPU
		{b3b31d30-f97e-b420-060e-a90f67ee930e}.Debug|Any CPU.ActiveCfg = Debug|Any CPU
		{b3b31d30-f97e-b420-060e-a90f67ee930e}.Debug|Any CPU.Build.0 = Debug|Any CPU
		{d84e31d3-43dd-a2f0-45d3-9846f41a71df}.Debug|Any CPU.ActiveCfg = Debug|Any CPU
		{d84e31d3-43dd-a2f0-45d3-9846f41a71df}.Debug|Any CPU.Build.0 = Debug|Any CPU
		{76608c29-60e7-d3ad-f653-ed26b5da951c}.Debug|Any CPU.ActiveCfg = Debug|Any CPU
		{76608c29-60e7-d3ad-f653-ed26b5da951c}.Debug|Any CPU.Build.0 = Debug|Any CPU
		{9f12084e-c260-fff9-9906-313642450ef3}.Debug|Any CPU.ActiveCfg = Debug|Any CPU
		{9f12084e-c260-fff9-9906-313642450ef3}.Debug|Any CPU.Build.0 = Debug|Any CPU
		{5f280f58-841e-2353-a4ee-ed4db7df0fbc}.Debug|Any CPU.ActiveCfg = Debug|Any CPU
		{5f280f58-841e-2353-a4ee-ed4db7df0fbc}.Debug|Any CPU.Build.0 = Debug|Any CPU
		{6a35817b-fd90-8298-28ac-4f69a9cc9bae}.Debug|Any CPU.ActiveCfg = Debug|Any CPU
		{6a35817b-fd90-8298-28ac-4f69a9cc9bae}.Debug|Any CPU.Build.0 = Debug|Any CPU
		{5ca7b878-35b1-b7cb-6c7d-5a61b0e00ce1}.Debug|Any CPU.ActiveCfg = Debug|Any CPU
		{5ca7b878-35b1-b7cb-6c7d-5a61b0e00ce1}.Debug|Any CPU.Build.0 = Debug|Any CPU
		{f24d69ff-77e6-ff3b-e223-ff212c5fe6fb}.Debug|Any CPU.ActiveCfg = Debug|Any CPU
		{f24d69ff-77e6-ff3b-e223-ff212c5fe6fb}.Debug|Any CPU.Build.0 = Debug|Any CPU
		{ed2fcdde-af3b-9ecb-5739-d307c4c291a2}.Debug|Any CPU.ActiveCfg = Debug|Any CPU
		{ed2fcdde-af3b-9ecb-5739-d307c4c291a2}.Debug|Any CPU.Build.0 = Debug|Any CPU
		{9e3b9d34-1873-56bb-7625-e43cac5617c2}.Debug|Any CPU.ActiveCfg = Debug|Any CPU
		{9e3b9d34-1873-56bb-7625-e43cac5617c2}.Debug|Any CPU.Build.0 = Debug|Any CPU
		{1e7f03de-92dc-b385-5e92-867cdc8dd23e}.Debug|Any CPU.ActiveCfg = Debug|Any CPU
		{1e7f03de-92dc-b385-5e92-867cdc8dd23e}.Debug|Any CPU.Build.0 = Debug|Any CPU
		{5e1ed277-dca3-db23-da3e-92893a935ac5}.Debug|Any CPU.ActiveCfg = Debug|Any CPU
		{5e1ed277-dca3-db23-da3e-92893a935ac5}.Debug|Any CPU.Build.0 = Debug|Any CPU
		{8f76bb8b-687f-f467-5676-cf7d0d675ce5}.Debug|Any CPU.ActiveCfg = Debug|Any CPU
		{8f76bb8b-687f-f467-5676-cf7d0d675ce5}.Debug|Any CPU.Build.0 = Debug|Any CPU
		{47db89c5-d241-cc92-f131-5844e31856ba}.Debug|Any CPU.ActiveCfg = Debug|Any CPU
		{47db89c5-d241-cc92-f131-5844e31856ba}.Debug|Any CPU.Build.0 = Debug|Any CPU
		{223b3c30-9bc5-0305-162f-955125d04be7}.Debug|Any CPU.ActiveCfg = Debug|Any CPU
		{223b3c30-9bc5-0305-162f-955125d04be7}.Debug|Any CPU.Build.0 = Debug|Any CPU
		{7cbac27d-1305-1259-e8f9-fe64d608ca2b}.Debug|Any CPU.ActiveCfg = Debug|Any CPU
		{7cbac27d-1305-1259-e8f9-fe64d608ca2b}.Debug|Any CPU.Build.0 = Debug|Any CPU
		{2e68f26c-5765-93f8-7905-7532479d0a30}.Debug|Any CPU.ActiveCfg = Debug|Any CPU
		{2e68f26c-5765-93f8-7905-7532479d0a30}.Debug|Any CPU.Build.0 = Debug|Any CPU
	EndGlobalSection
	GlobalSection(SolutionProperties) = preSolution
		HideSolutionNode = FALSE
	EndGlobalSection
EndGlobal
