
Microsoft Visual Studio Solution File, Format Version 12.00
# Visual Studio 15
Project("{FAE04EC0-301F-11D3-BF4B-00C04F79EFBC}") = "Obi", "Obi.csproj", "{774C1A94-2AE5-D584-0995-08B3BDC034A3}"
EndProject
Project("{FAE04EC0-301F-11D3-BF4B-00C04F79EFBC}") = "Assembly-CSharp", "Assembly-CSharp.csproj", "{9050DB38-2BF5-72A8-C592-15C2CC611CFE}"
EndProject
Project("{FAE04EC0-301F-11D3-BF4B-00C04F79EFBC}") = "Opsive.UltimateCharacterController", "Opsive.UltimateCharacterController.csproj", "{13D478DA-0884-8ED4-4D68-CEBCDEFE5B79}"
EndProject
Project("{FAE04EC0-301F-11D3-BF4B-00C04F79EFBC}") = "Opsive.Shared.Runtime", "Opsive.Shared.Runtime.csproj", "{229337AC-14D7-6016-AE79-37953EACA23A}"
EndProject
Project("{FAE04EC0-301F-11D3-BF4B-00C04F79EFBC}") = "Obi.Editor", "Obi.Editor.csproj", "{D1ED3980-90B6-6A1D-DD4A-032F670385BE}"
EndProject
Project("{FAE04EC0-301F-11D3-BF4B-00C04F79EFBC}") = "Adobe.Substance", "Adobe.Substance.csproj", "{4F5F180B-0AD3-6AC2-0421-0DFD427D119B}"
EndProject
Project("{FAE04EC0-301F-11D3-BF4B-00C04F79EFBC}") = "Crest", "Crest.csproj", "{FC435771-C18E-F6F8-0CD0-F9C94006DA76}"
EndProject
Project("{FAE04EC0-301F-11D3-BF4B-00C04F79EFBC}") = "Assembly-CSharp-Editor", "Assembly-CSharp-Editor.csproj", "{D7410B66-66E4-0C6D-653B-51AD931E8FBA}"
EndProject
Project("{FAE04EC0-301F-11D3-BF4B-00C04F79EFBC}") = "Opsive.UltimateCharacterController.Editor", "Opsive.UltimateCharacterController.Editor.csproj", "{94E3E6AC-2399-7B31-9539-BEA6C30CE4E1}"
EndProject
Project("{FAE04EC0-301F-11D3-BF4B-00C04F79EFBC}") = "PhotonUnityNetworking.Demos", "PhotonUnityNetworking.Demos.csproj", "{ABBC7543-EAE2-B435-55ED-8548155AA48D}"
EndProject
Project("{FAE04EC0-301F-11D3-BF4B-00C04F79EFBC}") = "PlayFabEditorExtensions", "PlayFabEditorExtensions.csproj", "{3AED7FFA-5244-863C-6EC6-0AC60823472D}"
EndProject
Project("{FAE04EC0-301F-11D3-BF4B-00C04F79EFBC}") = "Opsive.UltimateCharacterController.AddOns.Swimming.Editor", "Opsive.UltimateCharacterController.AddOns.Swimming.Editor.csproj", "{CA9F0771-3371-2A2E-BA90-00BB637486A3}"
EndProject
Project("{FAE04EC0-301F-11D3-BF4B-00C04F79EFBC}") = "Assembly-CSharp-firstpass", "Assembly-CSharp-firstpass.csproj", "{DD70C191-86B4-54F7-F292-59DE4D55CB9D}"
EndProject
Project("{FAE04EC0-301F-11D3-BF4B-00C04F79EFBC}") = "PhotonUnityNetworking.Utilities", "PhotonUnityNetworking.Utilities.csproj", "{48A0A9A4-3820-9AAA-204D-651CAC3C8E93}"
EndProject
Project("{FAE04EC0-301F-11D3-BF4B-00C04F79EFBC}") = "PlayFab", "PlayFab.csproj", "{DFE83F27-DF0C-DFE8-63D4-5E6372B1DBA4}"
EndProject
Project("{FAE04EC0-301F-11D3-BF4B-00C04F79EFBC}") = "Opsive.Shared.Editor", "Opsive.Shared.Editor.csproj", "{27B07502-C5CF-79B4-15DB-3D644DC905D3}"
EndProject
Project("{FAE04EC0-301F-11D3-BF4B-00C04F79EFBC}") = "Opsive.UltimateCharacterController.Demo", "Opsive.UltimateCharacterController.Demo.csproj", "{3A34F9C7-9FCB-BC0F-C7BF-28421955F54D}"
EndProject
Project("{FAE04EC0-301F-11D3-BF4B-00C04F79EFBC}") = "HDRPSamples", "HDRPSamples.csproj", "{FD82F94A-4DF3-587D-959F-8764277B23C0}"
EndProject
Project("{FAE04EC0-301F-11D3-BF4B-00C04F79EFBC}") = "NavMeshComponentsTestsEditmode", "NavMeshComponentsTestsEditmode.csproj", "{4E08129F-60C2-F9FF-9906-313642450EF3}"
EndProject
Project("{FAE04EC0-301F-11D3-BF4B-00C04F79EFBC}") = "PunDemos.DemoSlotcarEditor", "PunDemos.DemoSlotcarEditor.csproj", "{DE037F1E-DC92-85B3-5E92-867CDC8DD23E}"
EndProject
Project("{FAE04EC0-301F-11D3-BF4B-00C04F79EFBC}") = "Adobe.Substance.Runtime", "Adobe.Substance.Runtime.csproj", "{6D9534A7-EE55-3BB1-0CC3-B0605E51A6E4}"
EndProject
Project("{FAE04EC0-301F-11D3-BF4B-00C04F79EFBC}") = "Opsive.UltimateCharacterController.AddOns", "Opsive.UltimateCharacterController.AddOns.csproj", "{C7261AC5-B44E-EDD0-7F5A-3F3BCB816D0F}"
EndProject
Project("{FAE04EC0-301F-11D3-BF4B-00C04F79EFBC}") = "PhotonUnityNetworking.Editor", "PhotonUnityNetworking.Editor.csproj", "{DC982E9F-3CEC-395D-81B8-69CD4DCF16A6}"
EndProject
Project("{FAE04EC0-301F-11D3-BF4B-00C04F79EFBC}") = "PhotonUnityNetworking.Utilities.Culling.Editor", "PhotonUnityNetworking.Utilities.Culling.Editor.csproj", "{8BBB768F-7F68-67F4-5676-CF7D0D675CE5}"
EndProject
Project("{FAE04EC0-301F-11D3-BF4B-00C04F79EFBC}") = "Opsive.UltimateCharacterController.AddOns.Climbing.Editor", "Opsive.UltimateCharacterController.AddOns.Climbing.Editor.csproj", "{AC182C53-720A-BF27-BA03-30FD578E8A86}"
EndProject
Project("{FAE04EC0-301F-11D3-BF4B-00C04F79EFBC}") = "PhotonRealtime", "PhotonRealtime.csproj", "{6596E488-1FA0-1CFB-3F3E-BB41E90F8F4F}"
EndProject
Project("{FAE04EC0-301F-11D3-BF4B-00C04F79EFBC}") = "Adobe.SubstanceEditor", "Adobe.SubstanceEditor.csproj", "{B8F6623C-4BBA-AA95-5E95-19B99041328F}"
EndProject
Project("{FAE04EC0-301F-11D3-BF4B-00C04F79EFBC}") = "sc.terrain.painter.editor", "sc.terrain.painter.editor.csproj", "{349D3B9E-7318-BB56-7625-E43CAC5617C2}"
EndProject
Project("{FAE04EC0-301F-11D3-BF4B-00C04F79EFBC}") = "Crest.Examples", "Crest.Examples.csproj", "{77211DE3-7E40-6407-5309-FDFC68E409A3}"
EndProject
Project("{FAE04EC0-301F-11D3-BF4B-00C04F79EFBC}") = "NavMeshComponentsExamples", "NavMeshComponentsExamples.csproj", "{AC75E9E1-EF35-0064-F180-8DC847FCB6D9}"
EndProject
Project("{FAE04EC0-301F-11D3-BF4B-00C04F79EFBC}") = "Digger.Splines", "Digger.Splines.csproj", "{2C289F8A-6737-866F-4592-BD0635B4BB75}"
EndProject
Project("{FAE04EC0-301F-11D3-BF4B-00C04F79EFBC}") = "PunDemos.DemoHubEditor", "PunDemos.DemoHubEditor.csproj", "{C589DB47-41D2-92CC-F131-5844E31856BA}"
EndProject
Project("{FAE04EC0-301F-11D3-BF4B-00C04F79EFBC}") = "TerrainStitcher", "TerrainStitcher.csproj", "{90D4A150-56A9-E597-9A9A-412D2003B6DD}"
EndProject
Project("{FAE04EC0-301F-11D3-BF4B-00C04F79EFBC}") = "PhotonUnityNetworking.Utilities.PhotonPlayer.Editor", "PhotonUnityNetworking.Utilities.PhotonPlayer.Editor.csproj", "{221061DB-45E0-82D5-495B-B31804D0A600}"
EndProject
Project("{FAE04EC0-301F-11D3-BF4B-00C04F79EFBC}") = "sc.terrain.painter.runtime", "sc.terrain.painter.runtime.csproj", "{33861855-CC4C-35DF-3D55-62947AE2BEC0}"
EndProject
Project("{FAE04EC0-301F-11D3-BF4B-00C04F79EFBC}") = "Digger.AdvancedOperations.Editor", "Digger.AdvancedOperations.Editor.csproj", "{D0584E46-C02B-38CA-C49A-AD49B55D8B0E}"
EndProject
Project("{FAE04EC0-301F-11D3-BF4B-00C04F79EFBC}") = "NavMeshComponentsExamplesEditor", "NavMeshComponentsExamplesEditor.csproj", "{6CF2682E-6557-F893-7905-7532479D0A30}"
EndProject
Project("{FAE04EC0-301F-11D3-BF4B-00C04F79EFBC}") = "PhotonUnityNetworking", "PhotonUnityNetworking.csproj", "{71A15896-0A26-20A8-6B50-1E5325C27ADA}"
EndProject
Project("{FAE04EC0-301F-11D3-BF4B-00C04F79EFBC}") = "PhotonChat", "PhotonChat.csproj", "{062B518A-06CC-B9FD-148B-C1DF64B87389}"
EndProject
Project("{FAE04EC0-301F-11D3-BF4B-00C04F79EFBC}") = "PlayFabSDKEditor", "PlayFabSDKEditor.csproj", "{303C3B22-C59B-0503-162F-955125D04BE7}"
EndProject
Project("{FAE04EC0-301F-11D3-BF4B-00C04F79EFBC}") = "NavMeshComponentsTestsPlaymode", "NavMeshComponentsTestsPlaymode.csproj", "{78EFB584-0E35-0BFD-A9DF-5CF471660C8B}"
EndProject
Project("{FAE04EC0-301F-11D3-BF4B-00C04F79EFBC}") = "NavMeshComponentsEditor", "NavMeshComponentsEditor.csproj", "{FF694DF2-E677-3BFF-E223-FF212C5FE6FB}"
EndProject
Project("{FAE04EC0-301F-11D3-BF4B-00C04F79EFBC}") = "Opsive.UltimateCharacterController.AddOns.Climbing.Demo", "Opsive.UltimateCharacterController.AddOns.Climbing.Demo.csproj", "{EB1C0F6D-C2C5-9C89-FDE9-140C92526625}"
EndProject
Project("{FAE04EC0-301F-11D3-BF4B-00C04F79EFBC}") = "TerrainStitcherEditor", "TerrainStitcherEditor.csproj", "{93081A2A-8C26-2D1F-BA37-63224AEE29FD}"
EndProject
Project("{FAE04EC0-301F-11D3-BF4B-00C04F79EFBC}") = "Crest.Helpers.Editor", "Crest.Helpers.Editor.csproj", "{28F5ACEC-C3D4-7453-4B4C-322A2B430B29}"
EndProject
Project("{FAE04EC0-301F-11D3-BF4B-00C04F79EFBC}") = "Opsive.UltimateCharacterController.Demo.Editor", "Opsive.UltimateCharacterController.Demo.Editor.csproj", "{7E890FFF-B996-488A-E5F6-B04244D21D98}"
EndProject
Project("{FAE04EC0-301F-11D3-BF4B-00C04F79EFBC}") = "Digger.Splines.Editor", "Digger.Splines.Editor.csproj", "{941AFC13-F777-49CE-30D3-BC3537B94F31}"
EndProject
Project("{FAE04EC0-301F-11D3-BF4B-00C04F79EFBC}") = "NavMeshComponents", "NavMeshComponents.csproj", "{9C407C4C-9E6E-51EF-2EF7-7CC1B55447B8}"
EndProject
Project("{FAE04EC0-301F-11D3-BF4B-00C04F79EFBC}") = "Digger.AdvancedOperations", "Digger.AdvancedOperations.csproj", "{C8B85A55-B1B2-AF18-514B-1474799F840E}"
EndProject
Global
	GlobalSection(SolutionConfigurationPlatforms) = preSolution
		Debug|Any CPU = Debug|Any CPU
		Release|Any CPU = Release|Any CPU
	EndGlobalSection
	GlobalSection(ProjectConfigurationPlatforms) = postSolution
		{774C1A94-2AE5-D584-0995-08B3BDC034A3}.Debug|Any CPU.ActiveCfg = Debug|Any CPU
		{774C1A94-2AE5-D584-0995-08B3BDC034A3}.Debug|Any CPU.Build.0 = Debug|Any CPU
		{774C1A94-2AE5-D584-0995-08B3BDC034A3}.Release|Any CPU.ActiveCfg = Release|Any CPU
		{774C1A94-2AE5-D584-0995-08B3BDC034A3}.Release|Any CPU.Build.0 = Release|Any CPU
		{9050DB38-2BF5-72A8-C592-15C2CC611CFE}.Debug|Any CPU.ActiveCfg = Debug|Any CPU
		{9050DB38-2BF5-72A8-C592-15C2CC611CFE}.Debug|Any CPU.Build.0 = Debug|Any CPU
		{9050DB38-2BF5-72A8-C592-15C2CC611CFE}.Release|Any CPU.ActiveCfg = Release|Any CPU
		{9050DB38-2BF5-72A8-C592-15C2CC611CFE}.Release|Any CPU.Build.0 = Release|Any CPU
		{13D478DA-0884-8ED4-4D68-CEBCDEFE5B79}.Debug|Any CPU.ActiveCfg = Debug|Any CPU
		{13D478DA-0884-8ED4-4D68-CEBCDEFE5B79}.Debug|Any CPU.Build.0 = Debug|Any CPU
		{13D478DA-0884-8ED4-4D68-CEBCDEFE5B79}.Release|Any CPU.ActiveCfg = Release|Any CPU
		{13D478DA-0884-8ED4-4D68-CEBCDEFE5B79}.Release|Any CPU.Build.0 = Release|Any CPU
		{229337AC-14D7-6016-AE79-37953EACA23A}.Debug|Any CPU.ActiveCfg = Debug|Any CPU
		{229337AC-14D7-6016-AE79-37953EACA23A}.Debug|Any CPU.Build.0 = Debug|Any CPU
		{229337AC-14D7-6016-AE79-37953EACA23A}.Release|Any CPU.ActiveCfg = Release|Any CPU
		{229337AC-14D7-6016-AE79-37953EACA23A}.Release|Any CPU.Build.0 = Release|Any CPU
		{D1ED3980-90B6-6A1D-DD4A-032F670385BE}.Debug|Any CPU.ActiveCfg = Debug|Any CPU
		{D1ED3980-90B6-6A1D-DD4A-032F670385BE}.Debug|Any CPU.Build.0 = Debug|Any CPU
		{D1ED3980-90B6-6A1D-DD4A-032F670385BE}.Release|Any CPU.ActiveCfg = Release|Any CPU
		{D1ED3980-90B6-6A1D-DD4A-032F670385BE}.Release|Any CPU.Build.0 = Release|Any CPU
		{4F5F180B-0AD3-6AC2-0421-0DFD427D119B}.Debug|Any CPU.ActiveCfg = Debug|Any CPU
		{4F5F180B-0AD3-6AC2-0421-0DFD427D119B}.Debug|Any CPU.Build.0 = Debug|Any CPU
		{4F5F180B-0AD3-6AC2-0421-0DFD427D119B}.Release|Any CPU.ActiveCfg = Release|Any CPU
		{4F5F180B-0AD3-6AC2-0421-0DFD427D119B}.Release|Any CPU.Build.0 = Release|Any CPU
		{FC435771-C18E-F6F8-0CD0-F9C94006DA76}.Debug|Any CPU.ActiveCfg = Debug|Any CPU
		{FC435771-C18E-F6F8-0CD0-F9C94006DA76}.Debug|Any CPU.Build.0 = Debug|Any CPU
		{FC435771-C18E-F6F8-0CD0-F9C94006DA76}.Release|Any CPU.ActiveCfg = Release|Any CPU
		{FC435771-C18E-F6F8-0CD0-F9C94006DA76}.Release|Any CPU.Build.0 = Release|Any CPU
		{D7410B66-66E4-0C6D-653B-51AD931E8FBA}.Debug|Any CPU.ActiveCfg = Debug|Any CPU
		{D7410B66-66E4-0C6D-653B-51AD931E8FBA}.Debug|Any CPU.Build.0 = Debug|Any CPU
		{D7410B66-66E4-0C6D-653B-51AD931E8FBA}.Release|Any CPU.ActiveCfg = Release|Any CPU
		{D7410B66-66E4-0C6D-653B-51AD931E8FBA}.Release|Any CPU.Build.0 = Release|Any CPU
		{94E3E6AC-2399-7B31-9539-BEA6C30CE4E1}.Debug|Any CPU.ActiveCfg = Debug|Any CPU
		{94E3E6AC-2399-7B31-9539-BEA6C30CE4E1}.Debug|Any CPU.Build.0 = Debug|Any CPU
		{94E3E6AC-2399-7B31-9539-BEA6C30CE4E1}.Release|Any CPU.ActiveCfg = Release|Any CPU
		{94E3E6AC-2399-7B31-9539-BEA6C30CE4E1}.Release|Any CPU.Build.0 = Release|Any CPU
		{ABBC7543-EAE2-B435-55ED-8548155AA48D}.Debug|Any CPU.ActiveCfg = Debug|Any CPU
		{ABBC7543-EAE2-B435-55ED-8548155AA48D}.Debug|Any CPU.Build.0 = Debug|Any CPU
		{ABBC7543-EAE2-B435-55ED-8548155AA48D}.Release|Any CPU.ActiveCfg = Release|Any CPU
		{ABBC7543-EAE2-B435-55ED-8548155AA48D}.Release|Any CPU.Build.0 = Release|Any CPU
		{3AED7FFA-5244-863C-6EC6-0AC60823472D}.Debug|Any CPU.ActiveCfg = Debug|Any CPU
		{3AED7FFA-5244-863C-6EC6-0AC60823472D}.Debug|Any CPU.Build.0 = Debug|Any CPU
		{3AED7FFA-5244-863C-6EC6-0AC60823472D}.Release|Any CPU.ActiveCfg = Release|Any CPU
		{3AED7FFA-5244-863C-6EC6-0AC60823472D}.Release|Any CPU.Build.0 = Release|Any CPU
		{CA9F0771-3371-2A2E-BA90-00BB637486A3}.Debug|Any CPU.ActiveCfg = Debug|Any CPU
		{CA9F0771-3371-2A2E-BA90-00BB637486A3}.Debug|Any CPU.Build.0 = Debug|Any CPU
		{CA9F0771-3371-2A2E-BA90-00BB637486A3}.Release|Any CPU.ActiveCfg = Release|Any CPU
		{CA9F0771-3371-2A2E-BA90-00BB637486A3}.Release|Any CPU.Build.0 = Release|Any CPU
		{DD70C191-86B4-54F7-F292-59DE4D55CB9D}.Debug|Any CPU.ActiveCfg = Debug|Any CPU
		{DD70C191-86B4-54F7-F292-59DE4D55CB9D}.Debug|Any CPU.Build.0 = Debug|Any CPU
		{DD70C191-86B4-54F7-F292-59DE4D55CB9D}.Release|Any CPU.ActiveCfg = Release|Any CPU
		{DD70C191-86B4-54F7-F292-59DE4D55CB9D}.Release|Any CPU.Build.0 = Release|Any CPU
		{48A0A9A4-3820-9AAA-204D-651CAC3C8E93}.Debug|Any CPU.ActiveCfg = Debug|Any CPU
		{48A0A9A4-3820-9AAA-204D-651CAC3C8E93}.Debug|Any CPU.Build.0 = Debug|Any CPU
		{48A0A9A4-3820-9AAA-204D-651CAC3C8E93}.Release|Any CPU.ActiveCfg = Release|Any CPU
		{48A0A9A4-3820-9AAA-204D-651CAC3C8E93}.Release|Any CPU.Build.0 = Release|Any CPU
		{DFE83F27-DF0C-DFE8-63D4-5E6372B1DBA4}.Debug|Any CPU.ActiveCfg = Debug|Any CPU
		{DFE83F27-DF0C-DFE8-63D4-5E6372B1DBA4}.Debug|Any CPU.Build.0 = Debug|Any CPU
		{DFE83F27-DF0C-DFE8-63D4-5E6372B1DBA4}.Release|Any CPU.ActiveCfg = Release|Any CPU
		{DFE83F27-DF0C-DFE8-63D4-5E6372B1DBA4}.Release|Any CPU.Build.0 = Release|Any CPU
		{27B07502-C5CF-79B4-15DB-3D644DC905D3}.Debug|Any CPU.ActiveCfg = Debug|Any CPU
		{27B07502-C5CF-79B4-15DB-3D644DC905D3}.Debug|Any CPU.Build.0 = Debug|Any CPU
		{27B07502-C5CF-79B4-15DB-3D644DC905D3}.Release|Any CPU.ActiveCfg = Release|Any CPU
		{27B07502-C5CF-79B4-15DB-3D644DC905D3}.Release|Any CPU.Build.0 = Release|Any CPU
		{3A34F9C7-9FCB-BC0F-C7BF-28421955F54D}.Debug|Any CPU.ActiveCfg = Debug|Any CPU
		{3A34F9C7-9FCB-BC0F-C7BF-28421955F54D}.Debug|Any CPU.Build.0 = Debug|Any CPU
		{3A34F9C7-9FCB-BC0F-C7BF-28421955F54D}.Release|Any CPU.ActiveCfg = Release|Any CPU
		{3A34F9C7-9FCB-BC0F-C7BF-28421955F54D}.Release|Any CPU.Build.0 = Release|Any CPU
		{FD82F94A-4DF3-587D-959F-8764277B23C0}.Debug|Any CPU.ActiveCfg = Debug|Any CPU
		{FD82F94A-4DF3-587D-959F-8764277B23C0}.Debug|Any CPU.Build.0 = Debug|Any CPU
		{FD82F94A-4DF3-587D-959F-8764277B23C0}.Release|Any CPU.ActiveCfg = Release|Any CPU
		{FD82F94A-4DF3-587D-959F-8764277B23C0}.Release|Any CPU.Build.0 = Release|Any CPU
		{4E08129F-60C2-F9FF-9906-313642450EF3}.Debug|Any CPU.ActiveCfg = Debug|Any CPU
		{4E08129F-60C2-F9FF-9906-313642450EF3}.Debug|Any CPU.Build.0 = Debug|Any CPU
		{4E08129F-60C2-F9FF-9906-313642450EF3}.Release|Any CPU.ActiveCfg = Release|Any CPU
		{4E08129F-60C2-F9FF-9906-313642450EF3}.Release|Any CPU.Build.0 = Release|Any CPU
		{DE037F1E-DC92-85B3-5E92-867CDC8DD23E}.Debug|Any CPU.ActiveCfg = Debug|Any CPU
		{DE037F1E-DC92-85B3-5E92-867CDC8DD23E}.Debug|Any CPU.Build.0 = Debug|Any CPU
		{DE037F1E-DC92-85B3-5E92-867CDC8DD23E}.Release|Any CPU.ActiveCfg = Release|Any CPU
		{DE037F1E-DC92-85B3-5E92-867CDC8DD23E}.Release|Any CPU.Build.0 = Release|Any CPU
		{6D9534A7-EE55-3BB1-0CC3-B0605E51A6E4}.Debug|Any CPU.ActiveCfg = Debug|Any CPU
		{6D9534A7-EE55-3BB1-0CC3-B0605E51A6E4}.Debug|Any CPU.Build.0 = Debug|Any CPU
		{6D9534A7-EE55-3BB1-0CC3-B0605E51A6E4}.Release|Any CPU.ActiveCfg = Release|Any CPU
		{6D9534A7-EE55-3BB1-0CC3-B0605E51A6E4}.Release|Any CPU.Build.0 = Release|Any CPU
		{C7261AC5-B44E-EDD0-7F5A-3F3BCB816D0F}.Debug|Any CPU.ActiveCfg = Debug|Any CPU
		{C7261AC5-B44E-EDD0-7F5A-3F3BCB816D0F}.Debug|Any CPU.Build.0 = Debug|Any CPU
		{C7261AC5-B44E-EDD0-7F5A-3F3BCB816D0F}.Release|Any CPU.ActiveCfg = Release|Any CPU
		{C7261AC5-B44E-EDD0-7F5A-3F3BCB816D0F}.Release|Any CPU.Build.0 = Release|Any CPU
		{DC982E9F-3CEC-395D-81B8-69CD4DCF16A6}.Debug|Any CPU.ActiveCfg = Debug|Any CPU
		{DC982E9F-3CEC-395D-81B8-69CD4DCF16A6}.Debug|Any CPU.Build.0 = Debug|Any CPU
		{DC982E9F-3CEC-395D-81B8-69CD4DCF16A6}.Release|Any CPU.ActiveCfg = Release|Any CPU
		{DC982E9F-3CEC-395D-81B8-69CD4DCF16A6}.Release|Any CPU.Build.0 = Release|Any CPU
		{8BBB768F-7F68-67F4-5676-CF7D0D675CE5}.Debug|Any CPU.ActiveCfg = Debug|Any CPU
		{8BBB768F-7F68-67F4-5676-CF7D0D675CE5}.Debug|Any CPU.Build.0 = Debug|Any CPU
		{8BBB768F-7F68-67F4-5676-CF7D0D675CE5}.Release|Any CPU.ActiveCfg = Release|Any CPU
		{8BBB768F-7F68-67F4-5676-CF7D0D675CE5}.Release|Any CPU.Build.0 = Release|Any CPU
		{AC182C53-720A-BF27-BA03-30FD578E8A86}.Debug|Any CPU.ActiveCfg = Debug|Any CPU
		{AC182C53-720A-BF27-BA03-30FD578E8A86}.Debug|Any CPU.Build.0 = Debug|Any CPU
		{AC182C53-720A-BF27-BA03-30FD578E8A86}.Release|Any CPU.ActiveCfg = Release|Any CPU
		{AC182C53-720A-BF27-BA03-30FD578E8A86}.Release|Any CPU.Build.0 = Release|Any CPU
		{6596E488-1FA0-1CFB-3F3E-BB41E90F8F4F}.Debug|Any CPU.ActiveCfg = Debug|Any CPU
		{6596E488-1FA0-1CFB-3F3E-BB41E90F8F4F}.Debug|Any CPU.Build.0 = Debug|Any CPU
		{6596E488-1FA0-1CFB-3F3E-BB41E90F8F4F}.Release|Any CPU.ActiveCfg = Release|Any CPU
		{6596E488-1FA0-1CFB-3F3E-BB41E90F8F4F}.Release|Any CPU.Build.0 = Release|Any CPU
		{B8F6623C-4BBA-AA95-5E95-19B99041328F}.Debug|Any CPU.ActiveCfg = Debug|Any CPU
		{B8F6623C-4BBA-AA95-5E95-19B99041328F}.Debug|Any CPU.Build.0 = Debug|Any CPU
		{B8F6623C-4BBA-AA95-5E95-19B99041328F}.Release|Any CPU.ActiveCfg = Release|Any CPU
		{B8F6623C-4BBA-AA95-5E95-19B99041328F}.Release|Any CPU.Build.0 = Release|Any CPU
		{349D3B9E-7318-BB56-7625-E43CAC5617C2}.Debug|Any CPU.ActiveCfg = Debug|Any CPU
		{349D3B9E-7318-BB56-7625-E43CAC5617C2}.Debug|Any CPU.Build.0 = Debug|Any CPU
		{349D3B9E-7318-BB56-7625-E43CAC5617C2}.Release|Any CPU.ActiveCfg = Release|Any CPU
		{349D3B9E-7318-BB56-7625-E43CAC5617C2}.Release|Any CPU.Build.0 = Release|Any CPU
		{77211DE3-7E40-6407-5309-FDFC68E409A3}.Debug|Any CPU.ActiveCfg = Debug|Any CPU
		{77211DE3-7E40-6407-5309-FDFC68E409A3}.Debug|Any CPU.Build.0 = Debug|Any CPU
		{77211DE3-7E40-6407-5309-FDFC68E409A3}.Release|Any CPU.ActiveCfg = Release|Any CPU
		{77211DE3-7E40-6407-5309-FDFC68E409A3}.Release|Any CPU.Build.0 = Release|Any CPU
		{AC75E9E1-EF35-0064-F180-8DC847FCB6D9}.Debug|Any CPU.ActiveCfg = Debug|Any CPU
		{AC75E9E1-EF35-0064-F180-8DC847FCB6D9}.Debug|Any CPU.Build.0 = Debug|Any CPU
		{AC75E9E1-EF35-0064-F180-8DC847FCB6D9}.Release|Any CPU.ActiveCfg = Release|Any CPU
		{AC75E9E1-EF35-0064-F180-8DC847FCB6D9}.Release|Any CPU.Build.0 = Release|Any CPU
		{2C289F8A-6737-866F-4592-BD0635B4BB75}.Debug|Any CPU.ActiveCfg = Debug|Any CPU
		{2C289F8A-6737-866F-4592-BD0635B4BB75}.Debug|Any CPU.Build.0 = Debug|Any CPU
		{2C289F8A-6737-866F-4592-BD0635B4BB75}.Release|Any CPU.ActiveCfg = Release|Any CPU
		{2C289F8A-6737-866F-4592-BD0635B4BB75}.Release|Any CPU.Build.0 = Release|Any CPU
		{C589DB47-41D2-92CC-F131-5844E31856BA}.Debug|Any CPU.ActiveCfg = Debug|Any CPU
		{C589DB47-41D2-92CC-F131-5844E31856BA}.Debug|Any CPU.Build.0 = Debug|Any CPU
		{C589DB47-41D2-92CC-F131-5844E31856BA}.Release|Any CPU.ActiveCfg = Release|Any CPU
		{C589DB47-41D2-92CC-F131-5844E31856BA}.Release|Any CPU.Build.0 = Release|Any CPU
		{90D4A150-56A9-E597-9A9A-412D2003B6DD}.Debug|Any CPU.ActiveCfg = Debug|Any CPU
		{90D4A150-56A9-E597-9A9A-412D2003B6DD}.Debug|Any CPU.Build.0 = Debug|Any CPU
		{90D4A150-56A9-E597-9A9A-412D2003B6DD}.Release|Any CPU.ActiveCfg = Release|Any CPU
		{90D4A150-56A9-E597-9A9A-412D2003B6DD}.Release|Any CPU.Build.0 = Release|Any CPU
		{221061DB-45E0-82D5-495B-B31804D0A600}.Debug|Any CPU.ActiveCfg = Debug|Any CPU
		{221061DB-45E0-82D5-495B-B31804D0A600}.Debug|Any CPU.Build.0 = Debug|Any CPU
		{221061DB-45E0-82D5-495B-B31804D0A600}.Release|Any CPU.ActiveCfg = Release|Any CPU
		{221061DB-45E0-82D5-495B-B31804D0A600}.Release|Any CPU.Build.0 = Release|Any CPU
		{33861855-CC4C-35DF-3D55-62947AE2BEC0}.Debug|Any CPU.ActiveCfg = Debug|Any CPU
		{33861855-CC4C-35DF-3D55-62947AE2BEC0}.Debug|Any CPU.Build.0 = Debug|Any CPU
		{33861855-CC4C-35DF-3D55-62947AE2BEC0}.Release|Any CPU.ActiveCfg = Release|Any CPU
		{33861855-CC4C-35DF-3D55-62947AE2BEC0}.Release|Any CPU.Build.0 = Release|Any CPU
		{D0584E46-C02B-38CA-C49A-AD49B55D8B0E}.Debug|Any CPU.ActiveCfg = Debug|Any CPU
		{D0584E46-C02B-38CA-C49A-AD49B55D8B0E}.Debug|Any CPU.Build.0 = Debug|Any CPU
		{D0584E46-C02B-38CA-C49A-AD49B55D8B0E}.Release|Any CPU.ActiveCfg = Release|Any CPU
		{D0584E46-C02B-38CA-C49A-AD49B55D8B0E}.Release|Any CPU.Build.0 = Release|Any CPU
		{6CF2682E-6557-F893-7905-7532479D0A30}.Debug|Any CPU.ActiveCfg = Debug|Any CPU
		{6CF2682E-6557-F893-7905-7532479D0A30}.Debug|Any CPU.Build.0 = Debug|Any CPU
		{6CF2682E-6557-F893-7905-7532479D0A30}.Release|Any CPU.ActiveCfg = Release|Any CPU
		{6CF2682E-6557-F893-7905-7532479D0A30}.Release|Any CPU.Build.0 = Release|Any CPU
		{71A15896-0A26-20A8-6B50-1E5325C27ADA}.Debug|Any CPU.ActiveCfg = Debug|Any CPU
		{71A15896-0A26-20A8-6B50-1E5325C27ADA}.Debug|Any CPU.Build.0 = Debug|Any CPU
		{71A15896-0A26-20A8-6B50-1E5325C27ADA}.Release|Any CPU.ActiveCfg = Release|Any CPU
		{71A15896-0A26-20A8-6B50-1E5325C27ADA}.Release|Any CPU.Build.0 = Release|Any CPU
		{062B518A-06CC-B9FD-148B-C1DF64B87389}.Debug|Any CPU.ActiveCfg = Debug|Any CPU
		{062B518A-06CC-B9FD-148B-C1DF64B87389}.Debug|Any CPU.Build.0 = Debug|Any CPU
		{062B518A-06CC-B9FD-148B-C1DF64B87389}.Release|Any CPU.ActiveCfg = Release|Any CPU
		{062B518A-06CC-B9FD-148B-C1DF64B87389}.Release|Any CPU.Build.0 = Release|Any CPU
		{303C3B22-C59B-0503-162F-955125D04BE7}.Debug|Any CPU.ActiveCfg = Debug|Any CPU
		{303C3B22-C59B-0503-162F-955125D04BE7}.Debug|Any CPU.Build.0 = Debug|Any CPU
		{303C3B22-C59B-0503-162F-955125D04BE7}.Release|Any CPU.ActiveCfg = Release|Any CPU
		{303C3B22-C59B-0503-162F-955125D04BE7}.Release|Any CPU.Build.0 = Release|Any CPU
		{78EFB584-0E35-0BFD-A9DF-5CF471660C8B}.Debug|Any CPU.ActiveCfg = Debug|Any CPU
		{78EFB584-0E35-0BFD-A9DF-5CF471660C8B}.Debug|Any CPU.Build.0 = Debug|Any CPU
		{78EFB584-0E35-0BFD-A9DF-5CF471660C8B}.Release|Any CPU.ActiveCfg = Release|Any CPU
		{78EFB584-0E35-0BFD-A9DF-5CF471660C8B}.Release|Any CPU.Build.0 = Release|Any CPU
		{FF694DF2-E677-3BFF-E223-FF212C5FE6FB}.Debug|Any CPU.ActiveCfg = Debug|Any CPU
		{FF694DF2-E677-3BFF-E223-FF212C5FE6FB}.Debug|Any CPU.Build.0 = Debug|Any CPU
		{FF694DF2-E677-3BFF-E223-FF212C5FE6FB}.Release|Any CPU.ActiveCfg = Release|Any CPU
		{FF694DF2-E677-3BFF-E223-FF212C5FE6FB}.Release|Any CPU.Build.0 = Release|Any CPU
		{EB1C0F6D-C2C5-9C89-FDE9-140C92526625}.Debug|Any CPU.ActiveCfg = Debug|Any CPU
		{EB1C0F6D-C2C5-9C89-FDE9-140C92526625}.Debug|Any CPU.Build.0 = Debug|Any CPU
		{EB1C0F6D-C2C5-9C89-FDE9-140C92526625}.Release|Any CPU.ActiveCfg = Release|Any CPU
		{EB1C0F6D-C2C5-9C89-FDE9-140C92526625}.Release|Any CPU.Build.0 = Release|Any CPU
		{93081A2A-8C26-2D1F-BA37-63224AEE29FD}.Debug|Any CPU.ActiveCfg = Debug|Any CPU
		{93081A2A-8C26-2D1F-BA37-63224AEE29FD}.Debug|Any CPU.Build.0 = Debug|Any CPU
		{93081A2A-8C26-2D1F-BA37-63224AEE29FD}.Release|Any CPU.ActiveCfg = Release|Any CPU
		{93081A2A-8C26-2D1F-BA37-63224AEE29FD}.Release|Any CPU.Build.0 = Release|Any CPU
		{28F5ACEC-C3D4-7453-4B4C-322A2B430B29}.Debug|Any CPU.ActiveCfg = Debug|Any CPU
		{28F5ACEC-C3D4-7453-4B4C-322A2B430B29}.Debug|Any CPU.Build.0 = Debug|Any CPU
		{28F5ACEC-C3D4-7453-4B4C-322A2B430B29}.Release|Any CPU.ActiveCfg = Release|Any CPU
		{28F5ACEC-C3D4-7453-4B4C-322A2B430B29}.Release|Any CPU.Build.0 = Release|Any CPU
		{7E890FFF-B996-488A-E5F6-B04244D21D98}.Debug|Any CPU.ActiveCfg = Debug|Any CPU
		{7E890FFF-B996-488A-E5F6-B04244D21D98}.Debug|Any CPU.Build.0 = Debug|Any CPU
		{7E890FFF-B996-488A-E5F6-B04244D21D98}.Release|Any CPU.ActiveCfg = Release|Any CPU
		{7E890FFF-B996-488A-E5F6-B04244D21D98}.Release|Any CPU.Build.0 = Release|Any CPU
		{941AFC13-F777-49CE-30D3-BC3537B94F31}.Debug|Any CPU.ActiveCfg = Debug|Any CPU
		{941AFC13-F777-49CE-30D3-BC3537B94F31}.Debug|Any CPU.Build.0 = Debug|Any CPU
		{941AFC13-F777-49CE-30D3-BC3537B94F31}.Release|Any CPU.ActiveCfg = Release|Any CPU
		{941AFC13-F777-49CE-30D3-BC3537B94F31}.Release|Any CPU.Build.0 = Release|Any CPU
		{9C407C4C-9E6E-51EF-2EF7-7CC1B55447B8}.Debug|Any CPU.ActiveCfg = Debug|Any CPU
		{9C407C4C-9E6E-51EF-2EF7-7CC1B55447B8}.Debug|Any CPU.Build.0 = Debug|Any CPU
		{9C407C4C-9E6E-51EF-2EF7-7CC1B55447B8}.Release|Any CPU.ActiveCfg = Release|Any CPU
		{9C407C4C-9E6E-51EF-2EF7-7CC1B55447B8}.Release|Any CPU.Build.0 = Release|Any CPU
		{C8B85A55-B1B2-AF18-514B-1474799F840E}.Debug|Any CPU.ActiveCfg = Debug|Any CPU
		{C8B85A55-B1B2-AF18-514B-1474799F840E}.Debug|Any CPU.Build.0 = Debug|Any CPU
		{C8B85A55-B1B2-AF18-514B-1474799F840E}.Release|Any CPU.ActiveCfg = Release|Any CPU
		{C8B85A55-B1B2-AF18-514B-1474799F840E}.Release|Any CPU.Build.0 = Release|Any CPU
	EndGlobalSection
	GlobalSection(SolutionProperties) = preSolution
		HideSolutionNode = FALSE
	EndGlobalSection
EndGlobal
